// !$*UTF8*$!
{
	archiveVersion = 1;
	classes = {
	};
	objectVersion = 77;
	objects = {

/* Begin PBXBuildFile section */
		002B9FD55A3EA8C2DAD95187 /* CriterionEvaluation.swift in Sources */ = {isa = PBXBuildFile; fileRef = 0364AF825A0A158818A2C86D /* CriterionEvaluation.swift */; };
		010A701DA859882F23D02586 /* AudioFileWriter.swift in Sources */ = {isa = PBXBuildFile; fileRef = B46CD3C11445ADB010BAFCF7 /* AudioFileWriter.swift */; };
		0822C1F8DEC3B3C33FA40140 /* FluidAudio in Frameworks */ = {isa = PBXBuildFile; productRef = E73B3D65573E84BFDA22E0FA /* FluidAudio */; };
		0962CE60D8CA562FED69C778 /* ModelDownloadManager.swift in Sources */ = {isa = PBXBuildFile; fileRef = 00113CB03ECCACD1B6516101 /* ModelDownloadManager.swift */; };
		0ADAF5362F0166CB7AA9E9C0 /* InterviewHubView.swift in Sources */ = {isa = PBXBuildFile; fileRef = F59A83B6524CF1BD8477EC89 /* InterviewHubView.swift */; };
		0DA17FC2ACA6257DDF8C6BF5 /* AudioSettingsView.swift in Sources */ = {isa = PBXBuildFile; fileRef = 657275C542280701138F3D42 /* AudioSettingsView.swift */; };
		1511D8ED93545EDCA506CFE1 /* MeetingInsight.swift in Sources */ = {isa = PBXBuildFile; fileRef = BA2B75D0915DCF472081C0F4 /* MeetingInsight.swift */; };
		15581C8075FE9FB06071E4B0 /* KeychainAccess in Frameworks */ = {isa = PBXBuildFile; productRef = 771A5419E207FBBDED603E7C /* KeychainAccess */; };
		166B9F5D6DE977883E7A1EC7 /* RecordingView.swift in Sources */ = {isa = PBXBuildFile; fileRef = DBAB1E4C042E177AB57AA5C0 /* RecordingView.swift */; };
		1B0D1DC060B9CA9E2A87E2DD /* RecordingViewModel.swift in Sources */ = {isa = PBXBuildFile; fileRef = 980E9BFF806B56551CE76E1A /* RecordingViewModel.swift */; };
		1BD50BA428B227711DD3FD21 /* RubricBonusSignal.swift in Sources */ = {isa = PBXBuildFile; fileRef = 19C6927F280175D31CAADD91 /* RubricBonusSignal.swift */; };
		1E9491591B4678CBCE46C8E2 /* TranscriptionCoordinator.swift in Sources */ = {isa = PBXBuildFile; fileRef = BD246F57B67011F22F1AF64A /* TranscriptionCoordinator.swift */; };
		20DD508F5AC230A71F401AA7 /* AudioSessionManager.swift in Sources */ = {isa = PBXBuildFile; fileRef = B99AB2AFF5771EB858517BA9 /* AudioSessionManager.swift */; };
		20E58AD8BC35A77A824C2633 /* RoleLevel.swift in Sources */ = {isa = PBXBuildFile; fileRef = E016B91CDEA91AF1DF999437 /* RoleLevel.swift */; };
		240145ECED5179E26AD5EA54 /* InterviewScorecardView.swift in Sources */ = {isa = PBXBuildFile; fileRef = 77CBEB9C00C6D9F952CEA6EE /* InterviewScorecardView.swift */; };
		24283F84D0FD2716A6806F48 /* ObsidianExportService.swift in Sources */ = {isa = PBXBuildFile; fileRef = B627ED8329AE7CA2DD317878 /* ObsidianExportService.swift */; };
		24A51E8E58619EC0E363982F /* TranscriptFile.swift in Sources */ = {isa = PBXBuildFile; fileRef = EA282F9DB6AE4DA53A6FFDDF /* TranscriptFile.swift */; };
		2752C857ED799575298D2EE7 /* ContactRowView.swift in Sources */ = {isa = PBXBuildFile; fileRef = FCA07D6809E46B405979C97F /* ContactRowView.swift */; };
		28C92B79DE182F4A9FFE4F80 /* InterviewSectionScore.swift in Sources */ = {isa = PBXBuildFile; fileRef = 1B95809735E6E5534ED30962 /* InterviewSectionScore.swift */; };
		2A3497DC017555A3BE9E29C3 /* TranscriptSegment.swift in Sources */ = {isa = PBXBuildFile; fileRef = 3AE45FF59C2AC3113F02C4CC /* TranscriptSegment.swift */; };
		2B9F3EFF0BFC3FFBF5D62A54 /* MeetingStore.swift in Sources */ = {isa = PBXBuildFile; fileRef = 8141402D9688729287F5C68F /* MeetingStore.swift */; };
		2BF009A9D76C95D73B91CCDD /* RecordingLockFile.swift in Sources */ = {isa = PBXBuildFile; fileRef = B253F64F1BB1E9EB1097F826 /* RecordingLockFile.swift */; };
		2F5426980E4A67F002187DCA /* MenuBarView.swift in Sources */ = {isa = PBXBuildFile; fileRef = 355D52E442FFB5C7B6F89C4F /* MenuBarView.swift */; };
		3052BD7FCCDE88CE3C036561 /* InterviewImpression.swift in Sources */ = {isa = PBXBuildFile; fileRef = 3F08738D7D9258962EA6B659 /* InterviewImpression.swift */; };
		3191CB3A44A1238D798130F5 /* InterviewRecordingViewModel.swift in Sources */ = {isa = PBXBuildFile; fileRef = E5EDCC80A8D4B916A192C52E /* InterviewRecordingViewModel.swift */; };
		32F2D5A931A3AA1356F022D8 /* ScoreEvidence.swift in Sources */ = {isa = PBXBuildFile; fileRef = C5E0850098FB7EB6B1D48C73 /* ScoreEvidence.swift */; };
		33715D44310936A4E6B8B6D0 /* FollowUpQuestionsSection.swift in Sources */ = {isa = PBXBuildFile; fileRef = D628D6D9F9CA270605365A14 /* FollowUpQuestionsSection.swift */; };
		34858E9392DE15CD6EB29714 /* MyProfileSetupSheet.swift in Sources */ = {isa = PBXBuildFile; fileRef = 87D1BE56DAC018A93D783368 /* MyProfileSetupSheet.swift */; };
		34C618A611D7F51790982544 /* InterviewSetupView.swift in Sources */ = {isa = PBXBuildFile; fileRef = F75935675593F5D61DBF1542 /* InterviewSetupView.swift */; };
		358B6538C05E798409F51190 /* AWSCredentialLoader.swift in Sources */ = {isa = PBXBuildFile; fileRef = CD9733020AF86912380852E7 /* AWSCredentialLoader.swift */; };
		35E1728D83EE5E36848E0733 /* SpeakerContactMapper.swift in Sources */ = {isa = PBXBuildFile; fileRef = 8F5B5497FD93F6C7BFE23CE6 /* SpeakerContactMapper.swift */; };
		36A1C9238C5911FED5D5B521 /* LogManager.swift in Sources */ = {isa = PBXBuildFile; fileRef = B8DBD9003CCA77B1F437121C /* LogManager.swift */; };
		390FF076D5D31B58C391477A /* VocabularySettingsView.swift in Sources */ = {isa = PBXBuildFile; fileRef = E1623F804DDEF0B92D3B6A41 /* VocabularySettingsView.swift */; };
		3AA83AF5E55969C40719957C /* RubricListView.swift in Sources */ = {isa = PBXBuildFile; fileRef = A47BC52049DFA6A2808B1FC6 /* RubricListView.swift */; };
		3BFAC0DA58C2B59A7B9DDADC /* MeetingListView.swift in Sources */ = {isa = PBXBuildFile; fileRef = AFB956B7F4F0CA68BF37E5F5 /* MeetingListView.swift */; };
		3FAC8EEE1160183F8FF49BA1 /* InterviewRole.swift in Sources */ = {isa = PBXBuildFile; fileRef = CA9332875D8DF9786389A129 /* InterviewRole.swift */; };
		4049FE1019DF0F0079883216 /* InterviewIntelligenceService.swift in Sources */ = {isa = PBXBuildFile; fileRef = 8363D29DBB4CADCC8DD08381 /* InterviewIntelligenceService.swift */; };
		410FF2704E7C22D08D23D9D6 /* ForceSimulation.swift in Sources */ = {isa = PBXBuildFile; fileRef = E750BB3E0037D9160A228F10 /* ForceSimulation.swift */; };
		468D89A5C59728BCF165C8B5 /* MicrophoneCaptureService.swift in Sources */ = {isa = PBXBuildFile; fileRef = ACFC782BC165D3DA75DFE688 /* MicrophoneCaptureService.swift */; };
		487BD675B1D14E5FDE9AE4D7 /* StalledNotificationService.swift in Sources */ = {isa = PBXBuildFile; fileRef = F02E7B6743C5DE21C7E30951 /* StalledNotificationService.swift */; };
		495F4E2FEEAC19E852271002 /* InterviewBookmark.swift in Sources */ = {isa = PBXBuildFile; fileRef = 7878D6C9C0D5359FBE2ED513 /* InterviewBookmark.swift */; };
		4A68EC33839FE5093B329490 /* KeychainHelper.swift in Sources */ = {isa = PBXBuildFile; fileRef = 5B83B40FCCFC9C150D3A4578 /* KeychainHelper.swift */; };
		4B2EF779DCD9865FDCCF6D77 /* CommitmentTrackingService.swift in Sources */ = {isa = PBXBuildFile; fileRef = 066FDCBC8824BB15CDDC73B0 /* CommitmentTrackingService.swift */; };
		4DB26F82C595B647ABF40EE6 /* AIRetry.swift in Sources */ = {isa = PBXBuildFile; fileRef = 57C7DDBDF9E04C8AA890F062 /* AIRetry.swift */; };
		4DC7178C6A8D0E2E5554E066 /* AddCandidateSheet.swift in Sources */ = {isa = PBXBuildFile; fileRef = 07C2F2D5D37B973CB7660588 /* AddCandidateSheet.swift */; };
		50F1D888439483986E026777 /* ClaudeAPIClient.swift in Sources */ = {isa = PBXBuildFile; fileRef = 57B9AB151CD1BBDDDCB15B67 /* ClaudeAPIClient.swift */; };
		55A2068CDD71B2430C84E5DE /* MeetingAttendeesRow.swift in Sources */ = {isa = PBXBuildFile; fileRef = B18B5B7B23A1F23EB5D7BFCA /* MeetingAttendeesRow.swift */; };
		55A5B3B4215E63B6E5107C20 /* APIKeySettingsView.swift in Sources */ = {isa = PBXBuildFile; fileRef = 10F8F5AD9A2BC34E742295DC /* APIKeySettingsView.swift */; };
		5B0D134A768087BDA747466F /* TranscriptDeduplicator.swift in Sources */ = {isa = PBXBuildFile; fileRef = 3808CC293C20D0583278C3F9 /* TranscriptDeduplicator.swift */; };
		5BE06B68015F12B69EB436D8 /* TranscriptPanelView.swift in Sources */ = {isa = PBXBuildFile; fileRef = 5225DE7E98248F22B00C08CB /* TranscriptPanelView.swift */; };
		6428B269561C1610AE114AB8 /* RecordingToolbar.swift in Sources */ = {isa = PBXBuildFile; fileRef = 130974A6F8E2B27E4705F6A3 /* RecordingToolbar.swift */; };
		645FB051CDDEF1925D77944A /* BedrockAPIClient.swift in Sources */ = {isa = PBXBuildFile; fileRef = 59A4997345983696DC9017FF /* BedrockAPIClient.swift */; };
		6632545DC3BCE1347E7D2AAF /* VocabularyManager.swift in Sources */ = {isa = PBXBuildFile; fileRef = 3A49043AC4DC48EF88C729BE /* VocabularyManager.swift */; };
		6B3B7042DBD6D529106704B5 /* DashboardView.swift in Sources */ = {isa = PBXBuildFile; fileRef = F441D2EB2BBE4A6F48F3B85C /* DashboardView.swift */; };
		6E45CEDA458C896848FE2178 /* AIRetryTests.swift in Sources */ = {isa = PBXBuildFile; fileRef = 3946643E25AD52CD5C5B4307 /* AIRetryTests.swift */; };
		6FAA39AF5B2ECCCC58143107 /* Speaker.swift in Sources */ = {isa = PBXBuildFile; fileRef = ABA6148B7B2D3CF9E6FCA594 /* Speaker.swift */; };
		706A3BA40184EBEF4F80EF5D /* CandidateDetailView.swift in Sources */ = {isa = PBXBuildFile; fileRef = 4C160A2AE8063D161B554AAA /* CandidateDetailView.swift */; };
		71DD1B1AACF574A9C2948594 /* LiveTranscriptView.swift in Sources */ = {isa = PBXBuildFile; fileRef = C0FFE615EDF257D5D3EC87E1 /* LiveTranscriptView.swift */; };
		731B99180852038A8C312858 /* RubricCriterion.swift in Sources */ = {isa = PBXBuildFile; fileRef = 4763E15F118E2C39BBE17F27 /* RubricCriterion.swift */; };
		74CC2E4DBCD6DE379F332162 /* SettingsView.swift in Sources */ = {isa = PBXBuildFile; fileRef = 4DAA9CB7A537E882B021ABF4 /* SettingsView.swift */; };
		75CD7EF11CFD80D27C067EE9 /* TopicDetailPanel.swift in Sources */ = {isa = PBXBuildFile; fileRef = C28472798341F1E27B7D42F4 /* TopicDetailPanel.swift */; };
		768C41869E0CB2E13A3D5875 /* Team.swift in Sources */ = {isa = PBXBuildFile; fileRef = 42B56FC793823CAFBBB617DF /* Team.swift */; };
		7699EF292CB0F123ED431524 /* Assets.xcassets in Resources */ = {isa = PBXBuildFile; fileRef = BA1A084FCAEDCA30D57F7BF5 /* Assets.xcassets */; };
		77072DF00BC4524199A52DC2 /* SpeakerDiarizationService.swift in Sources */ = {isa = PBXBuildFile; fileRef = 6EAE39B31598DBAB6A3CFFFB /* SpeakerDiarizationService.swift */; };
		7C169E02EA7A7A86699F2F32 /* LiveInterviewIntelligenceView.swift in Sources */ = {isa = PBXBuildFile; fileRef = 52BA4CA49EBD1B2A041D5E84 /* LiveInterviewIntelligenceView.swift */; };
		7E1823E29DFDFD8A58B894D6 /* InterviewSectionScoreCard.swift in Sources */ = {isa = PBXBuildFile; fileRef = 467A2217512A73AC48F65308 /* InterviewSectionScoreCard.swift */; };
		7F635C78864C77293458EC6B /* Department.swift in Sources */ = {isa = PBXBuildFile; fileRef = 463CA7B7E7481F99C5ED9D93 /* Department.swift */; };
		818879FDFE90846E3A165E26 /* AIIntelligenceService.swift in Sources */ = {isa = PBXBuildFile; fileRef = B66D41A4DDC8876D46E90AD7 /* AIIntelligenceService.swift */; };
		81A67F2528B2291F0FBA53CD /* DeveloperPromptEditorView.swift in Sources */ = {isa = PBXBuildFile; fileRef = C0A58B8B68B5A249D975F355 /* DeveloperPromptEditorView.swift */; };
		82E0731B8F98E1C689F629DC /* SidebarView.swift in Sources */ = {isa = PBXBuildFile; fileRef = 035F3AE9352BFA1B1EC72E90 /* SidebarView.swift */; };
		86D3B5E6153AE30228461601 /* AudioFormatConverter.swift in Sources */ = {isa = PBXBuildFile; fileRef = 3064E03937611C03B74553CD /* AudioFormatConverter.swift */; };
		87041339499E41CA9C187A95 /* OrganizationSettingsView.swift in Sources */ = {isa = PBXBuildFile; fileRef = EAAE2A31F9F164242D15B47A /* OrganizationSettingsView.swift */; };
		8B007657E79B35D0EE9E89A3 /* AIClientFactory.swift in Sources */ = {isa = PBXBuildFile; fileRef = 4D73DBC02E9A067276E806B8 /* AIClientFactory.swift */; };
		8C25916DB63984A44D34D1E1 /* RubricSectionEditorView.swift in Sources */ = {isa = PBXBuildFile; fileRef = 22EBC71AC684DEC93517AF36 /* RubricSectionEditorView.swift */; };
		8C6B05D3E05E3B1B03E2C29A /* RubricSection.swift in Sources */ = {isa = PBXBuildFile; fileRef = CF52CED04CA1D2F4347E1DED /* RubricSection.swift */; };
		8EF9F7BDD81C860D0B0BE8EC /* MeetingHeaderBar.swift in Sources */ = {isa = PBXBuildFile; fileRef = 69F56A5B034BDA436C319D0C /* MeetingHeaderBar.swift */; };
		93DA0C25320EE99EC20C1EA7 /* LiveInterviewView.swift in Sources */ = {isa = PBXBuildFile; fileRef = 85571895F31B17D9B41094BB /* LiveInterviewView.swift */; };
		9612CE638E6815D0234D9A09 /* CalendarService.swift in Sources */ = {isa = PBXBuildFile; fileRef = 7FACAFB70049A918A9CC576F /* CalendarService.swift */; };
		96FC88F4A50DBC442D684EA9 /* TaggedAudioBuffer.swift in Sources */ = {isa = PBXBuildFile; fileRef = A3D9941CB56A4C5A85C1223D /* TaggedAudioBuffer.swift */; };
		970E364563D298477D3B8815 /* Rubric.swift in Sources */ = {isa = PBXBuildFile; fileRef = 16FDDE6B20442020C1A542EC /* Rubric.swift */; };
		98A16A6B0DB5EA0266B8FDA4 /* NoteInputBar.swift in Sources */ = {isa = PBXBuildFile; fileRef = 2B5081D914CE6F311AA9EB21 /* NoteInputBar.swift */; };
		9A3302CA1DB463F3A3CB185C /* StoreBackupService.swift in Sources */ = {isa = PBXBuildFile; fileRef = B0EF488132E4D08FE91C867E /* StoreBackupService.swift */; };
		9AD1A6B7364F61A0019DE2CB /* StoreBackupServiceTests.swift in Sources */ = {isa = PBXBuildFile; fileRef = 80A717B7D00035B80DA03D31 /* StoreBackupServiceTests.swift */; };
		9B52044681763DFEEBF9682C /* TaskDetailView.swift in Sources */ = {isa = PBXBuildFile; fileRef = DDA08488A6C4DDF53905B1B6 /* TaskDetailView.swift */; };
		9C87024EC990637DB6352C8A /* ActionItem.swift in Sources */ = {isa = PBXBuildFile; fileRef = BB29EBBD966374617FAC91F6 /* ActionItem.swift */; };
		9CAA57863B9D3DF1ADAAA09D /* ContentView.swift in Sources */ = {isa = PBXBuildFile; fileRef = 176C0D546904574EAA12A436 /* ContentView.swift */; };
		A02605F83C29F34FD45E8B79 /* DedupDebugRow.swift in Sources */ = {isa = PBXBuildFile; fileRef = CCD46DD530F5CE11FE209E36 /* DedupDebugRow.swift */; };
		A173DAAD896AF99772AC00EA /* PeopleView.swift in Sources */ = {isa = PBXBuildFile; fileRef = 5C0D2BB249FEACDA87A7EF0B /* PeopleView.swift */; };
		A56AA659210C04EDA55E5547 /* TopicMapView.swift in Sources */ = {isa = PBXBuildFile; fileRef = A5F1219300D6C15092F27872 /* TopicMapView.swift */; };
		A6084800D0732B67F76DA306 /* StorageManager.swift in Sources */ = {isa = PBXBuildFile; fileRef = A0AF2329398C06BB75B022FF /* StorageManager.swift */; };
		A8740BAFD283BC00E8F1C08E /* Candidate.swift in Sources */ = {isa = PBXBuildFile; fileRef = 0B86BEE74BFC9E0E417DCF5A /* Candidate.swift */; };
		A882ABE35BA77B48EF727F8F /* MeetingPrepService.swift in Sources */ = {isa = PBXBuildFile; fileRef = B844FF1A1E3ECA5753702A38 /* MeetingPrepService.swift */; };
		B0B93EBDC1B05304CFC289ED /* MeetingRowView.swift in Sources */ = {isa = PBXBuildFile; fileRef = 4B86DBE859B4EF56428216AA /* MeetingRowView.swift */; };
		B26856F7F2A58BF855DA90DC /* CheckForUpdatesViewModel.swift in Sources */ = {isa = PBXBuildFile; fileRef = 5765DCC2A9C69824B80708F8 /* CheckForUpdatesViewModel.swift */; };
		B3D94C0FABCF7BCB4A419276 /* ContactDetailView.swift in Sources */ = {isa = PBXBuildFile; fileRef = 6D71B4ACDF2860C265D2E456 /* ContactDetailView.swift */; };
		B61817A61C272312B58CEB5B /* MicLevelMonitor.swift in Sources */ = {isa = PBXBuildFile; fileRef = FCF870910A70FECDA4849F93 /* MicLevelMonitor.swift */; };
		BB7633BE94F6BB761292A8B5 /* RubricEditorView.swift in Sources */ = {isa = PBXBuildFile; fileRef = FD672DF259613086F9FC8826 /* RubricEditorView.swift */; };
		BBB05812E8776A60C628AD0B /* MeetingIntelligenceView.swift in Sources */ = {isa = PBXBuildFile; fileRef = BBB5B7F2625CA891A0A4FE73 /* MeetingIntelligenceView.swift */; };
		BCFE8F9A5D779015BD38FA97 /* FluidAsrService.swift in Sources */ = {isa = PBXBuildFile; fileRef = 0967272565AFAF7A394DB16E /* FluidAsrService.swift */; };
		BD98B27D397675FC5ADCC4FC /* ActionItemsSection.swift in Sources */ = {isa = PBXBuildFile; fileRef = C048A116939EC01A529A4FDC /* ActionItemsSection.swift */; };
		BFECEA4333EBD37114C21E0E /* SchemaVersions.swift in Sources */ = {isa = PBXBuildFile; fileRef = DDCF1A81A140D771C4779D0E /* SchemaVersions.swift */; };
		C0317E10EB971EE94147B831 /* EditableTranscriptSegmentRow.swift in Sources */ = {isa = PBXBuildFile; fileRef = C6F5DC8974A4F45DDF6B19FC /* EditableTranscriptSegmentRow.swift */; };
		C5FC15AF53305A50055CF338 /* InterviewNote.swift in Sources */ = {isa = PBXBuildFile; fileRef = 1F2EE3D3FF1C35A523A8F56C /* InterviewNote.swift */; };
		C74BE4826517F3C84D70DB3B /* InterviewImpressionTrait.swift in Sources */ = {isa = PBXBuildFile; fileRef = 9F43B13AE41AF8236D03AB34 /* InterviewImpressionTrait.swift */; };
		C8A09C98EF56FD84DB69494C /* TopicMapViewModel.swift in Sources */ = {isa = PBXBuildFile; fileRef = A78A135EB98D0ABDEB1EE563 /* TopicMapViewModel.swift */; };
		C9EBA7BFEBA1F4DAC059CAD7 /* KnowledgeLinksSection.swift in Sources */ = {isa = PBXBuildFile; fileRef = 2B931FA0292EE0DF9C7F8A19 /* KnowledgeLinksSection.swift */; };
		CA397207ABB9967B21A63E08 /* ContactPicker.swift in Sources */ = {isa = PBXBuildFile; fileRef = E1894E666B02691D0316570C /* ContactPicker.swift */; };
		CA4D93E6FAEA9C013721DD8D /* AIPromptTemplates.swift in Sources */ = {isa = PBXBuildFile; fileRef = 69AB1E3DF6577FB00871B539 /* AIPromptTemplates.swift */; };
		CAE631B21FD4390A98F4BD5E /* InterviewPromptTemplates.swift in Sources */ = {isa = PBXBuildFile; fileRef = 6A9A10AF91F15CA169F503A2 /* InterviewPromptTemplates.swift */; };
		CC29BCBB453D0F8515604013 /* SparkleUpdaterDelegate.swift in Sources */ = {isa = PBXBuildFile; fileRef = 02203A251A6442629C7C3EA5 /* SparkleUpdaterDelegate.swift */; };
		D0D02AD902D348ADFE6F2935 /* InterviewListView.swift in Sources */ = {isa = PBXBuildFile; fileRef = B1883C32FA38176C32ED9B57 /* InterviewListView.swift */; };
		D15B92644A209FBBF7B31D8D /* MeetingPrepView.swift in Sources */ = {isa = PBXBuildFile; fileRef = 1A449FC8E55341990C8A3A7A /* MeetingPrepView.swift */; };
		D1BCC317E4B910D757CB9FC6 /* PromptStore.swift in Sources */ = {isa = PBXBuildFile; fileRef = 1FB7CEC0E14991A2743BEB83 /* PromptStore.swift */; };
		D3F792CF7E707B6031803B4E /* AudioChunkValidator.swift in Sources */ = {isa = PBXBuildFile; fileRef = 23D9772408B00E7D046004B1 /* AudioChunkValidator.swift */; };
		D59E4FDE79625794D5A8A32E /* AppEnvironment.swift in Sources */ = {isa = PBXBuildFile; fileRef = C6774606B2258926F847E4C4 /* AppEnvironment.swift */; };
		D6576BB5BC20C4820836652A /* AudioFileWriterTests.swift in Sources */ = {isa = PBXBuildFile; fileRef = 8EE1444D1BB821BCF57E37F6 /* AudioFileWriterTests.swift */; };
		D685F38BB10ABFCCD46702B1 /* TopicGraphTypes.swift in Sources */ = {isa = PBXBuildFile; fileRef = 9E9BD9C1EDBF636CD6482196 /* TopicGraphTypes.swift */; };
		D844A67123CE2E80F33DA503 /* TrajectorSettings.swift in Sources */ = {isa = PBXBuildFile; fileRef = 93C28939DE9447A9DCE2636A /* TrajectorSettings.swift */; };
		D98A288BDF846F04DB63D39E /* DeveloperSettingsView.swift in Sources */ = {isa = PBXBuildFile; fileRef = A9CE69F8422EE39E764DCC50 /* DeveloperSettingsView.swift */; };
		DBDF5229655F6F36425F0F6F /* ObsidianSettingsView.swift in Sources */ = {isa = PBXBuildFile; fileRef = 415A0246E468B367021CD3C0 /* ObsidianSettingsView.swift */; };
		DFD5D83CB62AE26B8D30DEFA /* AISummarySection.swift in Sources */ = {isa = PBXBuildFile; fileRef = 4F179608AFFAA08AE6B8ADE1 /* AISummarySection.swift */; };
		E2632D99502C0B96E12734AF /* AddContactSheet.swift in Sources */ = {isa = PBXBuildFile; fileRef = ABFD6367AB1A91EBD9D2A865 /* AddContactSheet.swift */; };
		E70B167BE10778113358F597 /* Sparkle in Frameworks */ = {isa = PBXBuildFile; productRef = 343CDDEE0B27FAA559721E19 /* Sparkle */; };
		E95D2DC42117DB10914E4FA2 /* AWSSSOLoginService.swift in Sources */ = {isa = PBXBuildFile; fileRef = FFD2D7925AB625EBABBFC976 /* AWSSSOLoginService.swift */; };
		EA1A3B8F35504E54F26166BA /* GeneralSettingsView.swift in Sources */ = {isa = PBXBuildFile; fileRef = 97149F3BA600B75B86FBBC1A /* GeneralSettingsView.swift */; };
		EACA65399C1BFB8738DC1428 /* MeetingDetailView.swift in Sources */ = {isa = PBXBuildFile; fileRef = 233B5632B22BFA4C7E512907 /* MeetingDetailView.swift */; };
		EBDFB61941795F32A239C472 /* GreyEminenceApp.swift in Sources */ = {isa = PBXBuildFile; fileRef = C1042E6A22B62FFEFCB01BAA /* GreyEminenceApp.swift */; };
		ECFE81215DB0777BFBCD5FA7 /* Meeting.swift in Sources */ = {isa = PBXBuildFile; fileRef = 8FFDC9ABAD40D943DE809198 /* Meeting.swift */; };
		EDF38D93C1682EED3F51100C /* AIClientProtocol.swift in Sources */ = {isa = PBXBuildFile; fileRef = 8D5C025F672896B9EBCD995D /* AIClientProtocol.swift */; };
		EF094416DEC7A820E433B083 /* WhisperKit in Frameworks */ = {isa = PBXBuildFile; productRef = 2E69A29410C62BC3E40B55D6 /* WhisperKit */; };
		F04847E3D961E5529DA665DA /* Contact.swift in Sources */ = {isa = PBXBuildFile; fileRef = B81DE507A29E8F31EEE7A14B /* Contact.swift */; };
		F0C354CA30884FC2707533FC /* LogView.swift in Sources */ = {isa = PBXBuildFile; fileRef = CE48D54E7D30160DB6840EBE /* LogView.swift */; };
		F15D9A6FD119A8B208111A26 /* TranscriptSegmentRow.swift in Sources */ = {isa = PBXBuildFile; fileRef = 8F93F2580A0F2585FD914629 /* TranscriptSegmentRow.swift */; };
		F1C63EC5E3E3C89899D43533 /* TranscriptTestView.swift in Sources */ = {isa = PBXBuildFile; fileRef = 9777ACE77F882D5DF615E010 /* TranscriptTestView.swift */; };
		F9A80A4871C0F7EFA7A4D3A6 /* Interview.swift in Sources */ = {isa = PBXBuildFile; fileRef = 64E9FE67D22C9B5648478322 /* Interview.swift */; };
		F9E5B7B92D5523164E3619A8 /* SectionMarkerView.swift in Sources */ = {isa = PBXBuildFile; fileRef = 4EBBBD940532534CC8B5F6BD /* SectionMarkerView.swift */; };
		FA8953738B11A84516D35908 /* CandidateListView.swift in Sources */ = {isa = PBXBuildFile; fileRef = 7EE35BB1B53FA715D0E3B606 /* CandidateListView.swift */; };
		FAF507B483908D2C3227910D /* SystemAudioCaptureService.swift in Sources */ = {isa = PBXBuildFile; fileRef = 74A9A340B566AD4ABDBB929D /* SystemAudioCaptureService.swift */; };
		FC91687C779A58699CF98D54 /* PersistenceGate.swift in Sources */ = {isa = PBXBuildFile; fileRef = B06EAD3F5A91BFA54D382AB2 /* PersistenceGate.swift */; };
/* End PBXBuildFile section */

/* Begin PBXContainerItemProxy section */
		D631BE94522D5A8EC62C9540 /* PBXContainerItemProxy */ = {
			isa = PBXContainerItemProxy;
			containerPortal = C27CB611C59223E78E3FD310 /* Project object */;
			proxyType = 1;
			remoteGlobalIDString = 9D3F254D0A257227D3153F0F;
			remoteInfo = GreyEminence;
		};
/* End PBXContainerItemProxy section */

/* Begin PBXFileReference section */
		00113CB03ECCACD1B6516101 /* ModelDownloadManager.swift */ = {isa = PBXFileReference; lastKnownFileType = sourcecode.swift; path = ModelDownloadManager.swift; sourceTree = "<group>"; };
		02203A251A6442629C7C3EA5 /* SparkleUpdaterDelegate.swift */ = {isa = PBXFileReference; lastKnownFileType = sourcecode.swift; path = SparkleUpdaterDelegate.swift; sourceTree = "<group>"; };
		035F3AE9352BFA1B1EC72E90 /* SidebarView.swift */ = {isa = PBXFileReference; lastKnownFileType = sourcecode.swift; path = SidebarView.swift; sourceTree = "<group>"; };
		0364AF825A0A158818A2C86D /* CriterionEvaluation.swift */ = {isa = PBXFileReference; lastKnownFileType = sourcecode.swift; path = CriterionEvaluation.swift; sourceTree = "<group>"; };
		06649713AEC967601987522A /* GreyEminence.app */ = {isa = PBXFileReference; explicitFileType = wrapper.application; includeInIndex = 0; path = GreyEminence.app; sourceTree = BUILT_PRODUCTS_DIR; };
		066FDCBC8824BB15CDDC73B0 /* CommitmentTrackingService.swift */ = {isa = PBXFileReference; lastKnownFileType = sourcecode.swift; path = CommitmentTrackingService.swift; sourceTree = "<group>"; };
		07C2F2D5D37B973CB7660588 /* AddCandidateSheet.swift */ = {isa = PBXFileReference; lastKnownFileType = sourcecode.swift; path = AddCandidateSheet.swift; sourceTree = "<group>"; };
		0967272565AFAF7A394DB16E /* FluidAsrService.swift */ = {isa = PBXFileReference; lastKnownFileType = sourcecode.swift; path = FluidAsrService.swift; sourceTree = "<group>"; };
		0B86BEE74BFC9E0E417DCF5A /* Candidate.swift */ = {isa = PBXFileReference; lastKnownFileType = sourcecode.swift; path = Candidate.swift; sourceTree = "<group>"; };
		10F8F5AD9A2BC34E742295DC /* APIKeySettingsView.swift */ = {isa = PBXFileReference; lastKnownFileType = sourcecode.swift; path = APIKeySettingsView.swift; sourceTree = "<group>"; };
		130974A6F8E2B27E4705F6A3 /* RecordingToolbar.swift */ = {isa = PBXFileReference; lastKnownFileType = sourcecode.swift; path = RecordingToolbar.swift; sourceTree = "<group>"; };
		16FDDE6B20442020C1A542EC /* Rubric.swift */ = {isa = PBXFileReference; lastKnownFileType = sourcecode.swift; path = Rubric.swift; sourceTree = "<group>"; };
		176C0D546904574EAA12A436 /* ContentView.swift */ = {isa = PBXFileReference; lastKnownFileType = sourcecode.swift; path = ContentView.swift; sourceTree = "<group>"; };
		19C6927F280175D31CAADD91 /* RubricBonusSignal.swift */ = {isa = PBXFileReference; lastKnownFileType = sourcecode.swift; path = RubricBonusSignal.swift; sourceTree = "<group>"; };
		1A449FC8E55341990C8A3A7A /* MeetingPrepView.swift */ = {isa = PBXFileReference; lastKnownFileType = sourcecode.swift; path = MeetingPrepView.swift; sourceTree = "<group>"; };
		1ABED09F9C41DEF26FDD8CB3 /* GreyEminence.entitlements */ = {isa = PBXFileReference; lastKnownFileType = text.plist.entitlements; path = GreyEminence.entitlements; sourceTree = "<group>"; };
		1B95809735E6E5534ED30962 /* InterviewSectionScore.swift */ = {isa = PBXFileReference; lastKnownFileType = sourcecode.swift; path = InterviewSectionScore.swift; sourceTree = "<group>"; };
		1F2EE3D3FF1C35A523A8F56C /* InterviewNote.swift */ = {isa = PBXFileReference; lastKnownFileType = sourcecode.swift; path = InterviewNote.swift; sourceTree = "<group>"; };
		1FB7CEC0E14991A2743BEB83 /* PromptStore.swift */ = {isa = PBXFileReference; lastKnownFileType = sourcecode.swift; path = PromptStore.swift; sourceTree = "<group>"; };
		22EBC71AC684DEC93517AF36 /* RubricSectionEditorView.swift */ = {isa = PBXFileReference; lastKnownFileType = sourcecode.swift; path = RubricSectionEditorView.swift; sourceTree = "<group>"; };
		233B5632B22BFA4C7E512907 /* MeetingDetailView.swift */ = {isa = PBXFileReference; lastKnownFileType = sourcecode.swift; path = MeetingDetailView.swift; sourceTree = "<group>"; };
		23D9772408B00E7D046004B1 /* AudioChunkValidator.swift */ = {isa = PBXFileReference; lastKnownFileType = sourcecode.swift; path = AudioChunkValidator.swift; sourceTree = "<group>"; };
		24F3845FE267CF4C12988BFE /* GreyEminenceTests.xctest */ = {isa = PBXFileReference; explicitFileType = wrapper.cfbundle; includeInIndex = 0; path = GreyEminenceTests.xctest; sourceTree = BUILT_PRODUCTS_DIR; };
		2B5081D914CE6F311AA9EB21 /* NoteInputBar.swift */ = {isa = PBXFileReference; lastKnownFileType = sourcecode.swift; path = NoteInputBar.swift; sourceTree = "<group>"; };
		2B931FA0292EE0DF9C7F8A19 /* KnowledgeLinksSection.swift */ = {isa = PBXFileReference; lastKnownFileType = sourcecode.swift; path = KnowledgeLinksSection.swift; sourceTree = "<group>"; };
		3064E03937611C03B74553CD /* AudioFormatConverter.swift */ = {isa = PBXFileReference; lastKnownFileType = sourcecode.swift; path = AudioFormatConverter.swift; sourceTree = "<group>"; };
		355D52E442FFB5C7B6F89C4F /* MenuBarView.swift */ = {isa = PBXFileReference; lastKnownFileType = sourcecode.swift; path = MenuBarView.swift; sourceTree = "<group>"; };
		3808CC293C20D0583278C3F9 /* TranscriptDeduplicator.swift */ = {isa = PBXFileReference; lastKnownFileType = sourcecode.swift; path = TranscriptDeduplicator.swift; sourceTree = "<group>"; };
		3946643E25AD52CD5C5B4307 /* AIRetryTests.swift */ = {isa = PBXFileReference; lastKnownFileType = sourcecode.swift; path = AIRetryTests.swift; sourceTree = "<group>"; };
		3A49043AC4DC48EF88C729BE /* VocabularyManager.swift */ = {isa = PBXFileReference; lastKnownFileType = sourcecode.swift; path = VocabularyManager.swift; sourceTree = "<group>"; };
		3AE45FF59C2AC3113F02C4CC /* TranscriptSegment.swift */ = {isa = PBXFileReference; lastKnownFileType = sourcecode.swift; path = TranscriptSegment.swift; sourceTree = "<group>"; };
		3F08738D7D9258962EA6B659 /* InterviewImpression.swift */ = {isa = PBXFileReference; lastKnownFileType = sourcecode.swift; path = InterviewImpression.swift; sourceTree = "<group>"; };
		415A0246E468B367021CD3C0 /* ObsidianSettingsView.swift */ = {isa = PBXFileReference; lastKnownFileType = sourcecode.swift; path = ObsidianSettingsView.swift; sourceTree = "<group>"; };
		42B56FC793823CAFBBB617DF /* Team.swift */ = {isa = PBXFileReference; lastKnownFileType = sourcecode.swift; path = Team.swift; sourceTree = "<group>"; };
		463CA7B7E7481F99C5ED9D93 /* Department.swift */ = {isa = PBXFileReference; lastKnownFileType = sourcecode.swift; path = Department.swift; sourceTree = "<group>"; };
		467A2217512A73AC48F65308 /* InterviewSectionScoreCard.swift */ = {isa = PBXFileReference; lastKnownFileType = sourcecode.swift; path = InterviewSectionScoreCard.swift; sourceTree = "<group>"; };
		4763E15F118E2C39BBE17F27 /* RubricCriterion.swift */ = {isa = PBXFileReference; lastKnownFileType = sourcecode.swift; path = RubricCriterion.swift; sourceTree = "<group>"; };
		4B86DBE859B4EF56428216AA /* MeetingRowView.swift */ = {isa = PBXFileReference; lastKnownFileType = sourcecode.swift; path = MeetingRowView.swift; sourceTree = "<group>"; };
		4C160A2AE8063D161B554AAA /* CandidateDetailView.swift */ = {isa = PBXFileReference; lastKnownFileType = sourcecode.swift; path = CandidateDetailView.swift; sourceTree = "<group>"; };
		4D73DBC02E9A067276E806B8 /* AIClientFactory.swift */ = {isa = PBXFileReference; lastKnownFileType = sourcecode.swift; path = AIClientFactory.swift; sourceTree = "<group>"; };
		4DAA9CB7A537E882B021ABF4 /* SettingsView.swift */ = {isa = PBXFileReference; lastKnownFileType = sourcecode.swift; path = SettingsView.swift; sourceTree = "<group>"; };
		4EBBBD940532534CC8B5F6BD /* SectionMarkerView.swift */ = {isa = PBXFileReference; lastKnownFileType = sourcecode.swift; path = SectionMarkerView.swift; sourceTree = "<group>"; };
		4F179608AFFAA08AE6B8ADE1 /* AISummarySection.swift */ = {isa = PBXFileReference; lastKnownFileType = sourcecode.swift; path = AISummarySection.swift; sourceTree = "<group>"; };
		5225DE7E98248F22B00C08CB /* TranscriptPanelView.swift */ = {isa = PBXFileReference; lastKnownFileType = sourcecode.swift; path = TranscriptPanelView.swift; sourceTree = "<group>"; };
		52BA4CA49EBD1B2A041D5E84 /* LiveInterviewIntelligenceView.swift */ = {isa = PBXFileReference; lastKnownFileType = sourcecode.swift; path = LiveInterviewIntelligenceView.swift; sourceTree = "<group>"; };
		5765DCC2A9C69824B80708F8 /* CheckForUpdatesViewModel.swift */ = {isa = PBXFileReference; lastKnownFileType = sourcecode.swift; path = CheckForUpdatesViewModel.swift; sourceTree = "<group>"; };
		57B9AB151CD1BBDDDCB15B67 /* ClaudeAPIClient.swift */ = {isa = PBXFileReference; lastKnownFileType = sourcecode.swift; path = ClaudeAPIClient.swift; sourceTree = "<group>"; };
		57C7DDBDF9E04C8AA890F062 /* AIRetry.swift */ = {isa = PBXFileReference; lastKnownFileType = sourcecode.swift; path = AIRetry.swift; sourceTree = "<group>"; };
		59A4997345983696DC9017FF /* BedrockAPIClient.swift */ = {isa = PBXFileReference; lastKnownFileType = sourcecode.swift; path = BedrockAPIClient.swift; sourceTree = "<group>"; };
		5B83B40FCCFC9C150D3A4578 /* KeychainHelper.swift */ = {isa = PBXFileReference; lastKnownFileType = sourcecode.swift; path = KeychainHelper.swift; sourceTree = "<group>"; };
		5C0D2BB249FEACDA87A7EF0B /* PeopleView.swift */ = {isa = PBXFileReference; lastKnownFileType = sourcecode.swift; path = PeopleView.swift; sourceTree = "<group>"; };
		64E9FE67D22C9B5648478322 /* Interview.swift */ = {isa = PBXFileReference; lastKnownFileType = sourcecode.swift; path = Interview.swift; sourceTree = "<group>"; };
		657275C542280701138F3D42 /* AudioSettingsView.swift */ = {isa = PBXFileReference; lastKnownFileType = sourcecode.swift; path = AudioSettingsView.swift; sourceTree = "<group>"; };
		69AB1E3DF6577FB00871B539 /* AIPromptTemplates.swift */ = {isa = PBXFileReference; lastKnownFileType = sourcecode.swift; path = AIPromptTemplates.swift; sourceTree = "<group>"; };
		69C5FDC952292078A71B2650 /* FluidAudio */ = {isa = PBXFileReference; lastKnownFileType = folder; name = FluidAudio; path = LocalPackages/FluidAudio; sourceTree = SOURCE_ROOT; };
		69F56A5B034BDA436C319D0C /* MeetingHeaderBar.swift */ = {isa = PBXFileReference; lastKnownFileType = sourcecode.swift; path = MeetingHeaderBar.swift; sourceTree = "<group>"; };
		6A9A10AF91F15CA169F503A2 /* InterviewPromptTemplates.swift */ = {isa = PBXFileReference; lastKnownFileType = sourcecode.swift; path = InterviewPromptTemplates.swift; sourceTree = "<group>"; };
		6CA97EAE00616CBA74905937 /* Info.plist */ = {isa = PBXFileReference; lastKnownFileType = text.plist; path = Info.plist; sourceTree = "<group>"; };
		6D71B4ACDF2860C265D2E456 /* ContactDetailView.swift */ = {isa = PBXFileReference; lastKnownFileType = sourcecode.swift; path = ContactDetailView.swift; sourceTree = "<group>"; };
		6EAE39B31598DBAB6A3CFFFB /* SpeakerDiarizationService.swift */ = {isa = PBXFileReference; lastKnownFileType = sourcecode.swift; path = SpeakerDiarizationService.swift; sourceTree = "<group>"; };
		74A9A340B566AD4ABDBB929D /* SystemAudioCaptureService.swift */ = {isa = PBXFileReference; lastKnownFileType = sourcecode.swift; path = SystemAudioCaptureService.swift; sourceTree = "<group>"; };
		77CBEB9C00C6D9F952CEA6EE /* InterviewScorecardView.swift */ = {isa = PBXFileReference; lastKnownFileType = sourcecode.swift; path = InterviewScorecardView.swift; sourceTree = "<group>"; };
		7878D6C9C0D5359FBE2ED513 /* InterviewBookmark.swift */ = {isa = PBXFileReference; lastKnownFileType = sourcecode.swift; path = InterviewBookmark.swift; sourceTree = "<group>"; };
		7EE35BB1B53FA715D0E3B606 /* CandidateListView.swift */ = {isa = PBXFileReference; lastKnownFileType = sourcecode.swift; path = CandidateListView.swift; sourceTree = "<group>"; };
		7FACAFB70049A918A9CC576F /* CalendarService.swift */ = {isa = PBXFileReference; lastKnownFileType = sourcecode.swift; path = CalendarService.swift; sourceTree = "<group>"; };
		80A717B7D00035B80DA03D31 /* StoreBackupServiceTests.swift */ = {isa = PBXFileReference; lastKnownFileType = sourcecode.swift; path = StoreBackupServiceTests.swift; sourceTree = "<group>"; };
		8141402D9688729287F5C68F /* MeetingStore.swift */ = {isa = PBXFileReference; lastKnownFileType = sourcecode.swift; path = MeetingStore.swift; sourceTree = "<group>"; };
		8363D29DBB4CADCC8DD08381 /* InterviewIntelligenceService.swift */ = {isa = PBXFileReference; lastKnownFileType = sourcecode.swift; path = InterviewIntelligenceService.swift; sourceTree = "<group>"; };
		85571895F31B17D9B41094BB /* LiveInterviewView.swift */ = {isa = PBXFileReference; lastKnownFileType = sourcecode.swift; path = LiveInterviewView.swift; sourceTree = "<group>"; };
		87D1BE56DAC018A93D783368 /* MyProfileSetupSheet.swift */ = {isa = PBXFileReference; lastKnownFileType = sourcecode.swift; path = MyProfileSetupSheet.swift; sourceTree = "<group>"; };
		8D5C025F672896B9EBCD995D /* AIClientProtocol.swift */ = {isa = PBXFileReference; lastKnownFileType = sourcecode.swift; path = AIClientProtocol.swift; sourceTree = "<group>"; };
		8EE1444D1BB821BCF57E37F6 /* AudioFileWriterTests.swift */ = {isa = PBXFileReference; lastKnownFileType = sourcecode.swift; path = AudioFileWriterTests.swift; sourceTree = "<group>"; };
		8F5B5497FD93F6C7BFE23CE6 /* SpeakerContactMapper.swift */ = {isa = PBXFileReference; lastKnownFileType = sourcecode.swift; path = SpeakerContactMapper.swift; sourceTree = "<group>"; };
		8F93F2580A0F2585FD914629 /* TranscriptSegmentRow.swift */ = {isa = PBXFileReference; lastKnownFileType = sourcecode.swift; path = TranscriptSegmentRow.swift; sourceTree = "<group>"; };
		8FFDC9ABAD40D943DE809198 /* Meeting.swift */ = {isa = PBXFileReference; lastKnownFileType = sourcecode.swift; path = Meeting.swift; sourceTree = "<group>"; };
		93C28939DE9447A9DCE2636A /* TrajectorSettings.swift */ = {isa = PBXFileReference; lastKnownFileType = sourcecode.swift; path = TrajectorSettings.swift; sourceTree = "<group>"; };
		97149F3BA600B75B86FBBC1A /* GeneralSettingsView.swift */ = {isa = PBXFileReference; lastKnownFileType = sourcecode.swift; path = GeneralSettingsView.swift; sourceTree = "<group>"; };
		9777ACE77F882D5DF615E010 /* TranscriptTestView.swift */ = {isa = PBXFileReference; lastKnownFileType = sourcecode.swift; path = TranscriptTestView.swift; sourceTree = "<group>"; };
		980E9BFF806B56551CE76E1A /* RecordingViewModel.swift */ = {isa = PBXFileReference; lastKnownFileType = sourcecode.swift; path = RecordingViewModel.swift; sourceTree = "<group>"; };
		9E9BD9C1EDBF636CD6482196 /* TopicGraphTypes.swift */ = {isa = PBXFileReference; lastKnownFileType = sourcecode.swift; path = TopicGraphTypes.swift; sourceTree = "<group>"; };
		9F43B13AE41AF8236D03AB34 /* InterviewImpressionTrait.swift */ = {isa = PBXFileReference; lastKnownFileType = sourcecode.swift; path = InterviewImpressionTrait.swift; sourceTree = "<group>"; };
		A0AF2329398C06BB75B022FF /* StorageManager.swift */ = {isa = PBXFileReference; lastKnownFileType = sourcecode.swift; path = StorageManager.swift; sourceTree = "<group>"; };
		A3D9941CB56A4C5A85C1223D /* TaggedAudioBuffer.swift */ = {isa = PBXFileReference; lastKnownFileType = sourcecode.swift; path = TaggedAudioBuffer.swift; sourceTree = "<group>"; };
		A47BC52049DFA6A2808B1FC6 /* RubricListView.swift */ = {isa = PBXFileReference; lastKnownFileType = sourcecode.swift; path = RubricListView.swift; sourceTree = "<group>"; };
		A5F1219300D6C15092F27872 /* TopicMapView.swift */ = {isa = PBXFileReference; lastKnownFileType = sourcecode.swift; path = TopicMapView.swift; sourceTree = "<group>"; };
		A78A135EB98D0ABDEB1EE563 /* TopicMapViewModel.swift */ = {isa = PBXFileReference; lastKnownFileType = sourcecode.swift; path = TopicMapViewModel.swift; sourceTree = "<group>"; };
		A9CE69F8422EE39E764DCC50 /* DeveloperSettingsView.swift */ = {isa = PBXFileReference; lastKnownFileType = sourcecode.swift; path = DeveloperSettingsView.swift; sourceTree = "<group>"; };
		ABA6148B7B2D3CF9E6FCA594 /* Speaker.swift */ = {isa = PBXFileReference; lastKnownFileType = sourcecode.swift; path = Speaker.swift; sourceTree = "<group>"; };
		ABFD6367AB1A91EBD9D2A865 /* AddContactSheet.swift */ = {isa = PBXFileReference; lastKnownFileType = sourcecode.swift; path = AddContactSheet.swift; sourceTree = "<group>"; };
		ACFC782BC165D3DA75DFE688 /* MicrophoneCaptureService.swift */ = {isa = PBXFileReference; lastKnownFileType = sourcecode.swift; path = MicrophoneCaptureService.swift; sourceTree = "<group>"; };
		AFB956B7F4F0CA68BF37E5F5 /* MeetingListView.swift */ = {isa = PBXFileReference; lastKnownFileType = sourcecode.swift; path = MeetingListView.swift; sourceTree = "<group>"; };
		B06EAD3F5A91BFA54D382AB2 /* PersistenceGate.swift */ = {isa = PBXFileReference; lastKnownFileType = sourcecode.swift; path = PersistenceGate.swift; sourceTree = "<group>"; };
		B0EF488132E4D08FE91C867E /* StoreBackupService.swift */ = {isa = PBXFileReference; lastKnownFileType = sourcecode.swift; path = StoreBackupService.swift; sourceTree = "<group>"; };
		B1883C32FA38176C32ED9B57 /* InterviewListView.swift */ = {isa = PBXFileReference; lastKnownFileType = sourcecode.swift; path = InterviewListView.swift; sourceTree = "<group>"; };
		B18B5B7B23A1F23EB5D7BFCA /* MeetingAttendeesRow.swift */ = {isa = PBXFileReference; lastKnownFileType = sourcecode.swift; path = MeetingAttendeesRow.swift; sourceTree = "<group>"; };
		B253F64F1BB1E9EB1097F826 /* RecordingLockFile.swift */ = {isa = PBXFileReference; lastKnownFileType = sourcecode.swift; path = RecordingLockFile.swift; sourceTree = "<group>"; };
		B46CD3C11445ADB010BAFCF7 /* AudioFileWriter.swift */ = {isa = PBXFileReference; lastKnownFileType = sourcecode.swift; path = AudioFileWriter.swift; sourceTree = "<group>"; };
		B627ED8329AE7CA2DD317878 /* ObsidianExportService.swift */ = {isa = PBXFileReference; lastKnownFileType = sourcecode.swift; path = ObsidianExportService.swift; sourceTree = "<group>"; };
		B66D41A4DDC8876D46E90AD7 /* AIIntelligenceService.swift */ = {isa = PBXFileReference; lastKnownFileType = sourcecode.swift; path = AIIntelligenceService.swift; sourceTree = "<group>"; };
		B81DE507A29E8F31EEE7A14B /* Contact.swift */ = {isa = PBXFileReference; lastKnownFileType = sourcecode.swift; path = Contact.swift; sourceTree = "<group>"; };
		B844FF1A1E3ECA5753702A38 /* MeetingPrepService.swift */ = {isa = PBXFileReference; lastKnownFileType = sourcecode.swift; path = MeetingPrepService.swift; sourceTree = "<group>"; };
		B8DBD9003CCA77B1F437121C /* LogManager.swift */ = {isa = PBXFileReference; lastKnownFileType = sourcecode.swift; path = LogManager.swift; sourceTree = "<group>"; };
		B99AB2AFF5771EB858517BA9 /* AudioSessionManager.swift */ = {isa = PBXFileReference; lastKnownFileType = sourcecode.swift; path = AudioSessionManager.swift; sourceTree = "<group>"; };
		BA1A084FCAEDCA30D57F7BF5 /* Assets.xcassets */ = {isa = PBXFileReference; lastKnownFileType = folder.assetcatalog; path = Assets.xcassets; sourceTree = "<group>"; };
		BA2B75D0915DCF472081C0F4 /* MeetingInsight.swift */ = {isa = PBXFileReference; lastKnownFileType = sourcecode.swift; path = MeetingInsight.swift; sourceTree = "<group>"; };
		BB29EBBD966374617FAC91F6 /* ActionItem.swift */ = {isa = PBXFileReference; lastKnownFileType = sourcecode.swift; path = ActionItem.swift; sourceTree = "<group>"; };
		BBB5B7F2625CA891A0A4FE73 /* MeetingIntelligenceView.swift */ = {isa = PBXFileReference; lastKnownFileType = sourcecode.swift; path = MeetingIntelligenceView.swift; sourceTree = "<group>"; };
		BD246F57B67011F22F1AF64A /* TranscriptionCoordinator.swift */ = {isa = PBXFileReference; lastKnownFileType = sourcecode.swift; path = TranscriptionCoordinator.swift; sourceTree = "<group>"; };
		C048A116939EC01A529A4FDC /* ActionItemsSection.swift */ = {isa = PBXFileReference; lastKnownFileType = sourcecode.swift; path = ActionItemsSection.swift; sourceTree = "<group>"; };
		C0A58B8B68B5A249D975F355 /* DeveloperPromptEditorView.swift */ = {isa = PBXFileReference; lastKnownFileType = sourcecode.swift; path = DeveloperPromptEditorView.swift; sourceTree = "<group>"; };
		C0FFE615EDF257D5D3EC87E1 /* LiveTranscriptView.swift */ = {isa = PBXFileReference; lastKnownFileType = sourcecode.swift; path = LiveTranscriptView.swift; sourceTree = "<group>"; };
		C1042E6A22B62FFEFCB01BAA /* GreyEminenceApp.swift */ = {isa = PBXFileReference; lastKnownFileType = sourcecode.swift; path = GreyEminenceApp.swift; sourceTree = "<group>"; };
		C28472798341F1E27B7D42F4 /* TopicDetailPanel.swift */ = {isa = PBXFileReference; lastKnownFileType = sourcecode.swift; path = TopicDetailPanel.swift; sourceTree = "<group>"; };
		C5E0850098FB7EB6B1D48C73 /* ScoreEvidence.swift */ = {isa = PBXFileReference; lastKnownFileType = sourcecode.swift; path = ScoreEvidence.swift; sourceTree = "<group>"; };
		C6774606B2258926F847E4C4 /* AppEnvironment.swift */ = {isa = PBXFileReference; lastKnownFileType = sourcecode.swift; path = AppEnvironment.swift; sourceTree = "<group>"; };
		C6F5DC8974A4F45DDF6B19FC /* EditableTranscriptSegmentRow.swift */ = {isa = PBXFileReference; lastKnownFileType = sourcecode.swift; path = EditableTranscriptSegmentRow.swift; sourceTree = "<group>"; };
		CA9332875D8DF9786389A129 /* InterviewRole.swift */ = {isa = PBXFileReference; lastKnownFileType = sourcecode.swift; path = InterviewRole.swift; sourceTree = "<group>"; };
		CCD46DD530F5CE11FE209E36 /* DedupDebugRow.swift */ = {isa = PBXFileReference; lastKnownFileType = sourcecode.swift; path = DedupDebugRow.swift; sourceTree = "<group>"; };
		CD9733020AF86912380852E7 /* AWSCredentialLoader.swift */ = {isa = PBXFileReference; lastKnownFileType = sourcecode.swift; path = AWSCredentialLoader.swift; sourceTree = "<group>"; };
		CE48D54E7D30160DB6840EBE /* LogView.swift */ = {isa = PBXFileReference; lastKnownFileType = sourcecode.swift; path = LogView.swift; sourceTree = "<group>"; };
		CF52CED04CA1D2F4347E1DED /* RubricSection.swift */ = {isa = PBXFileReference; lastKnownFileType = sourcecode.swift; path = RubricSection.swift; sourceTree = "<group>"; };
		D628D6D9F9CA270605365A14 /* FollowUpQuestionsSection.swift */ = {isa = PBXFileReference; lastKnownFileType = sourcecode.swift; path = FollowUpQuestionsSection.swift; sourceTree = "<group>"; };
		DBAB1E4C042E177AB57AA5C0 /* RecordingView.swift */ = {isa = PBXFileReference; lastKnownFileType = sourcecode.swift; path = RecordingView.swift; sourceTree = "<group>"; };
		DDA08488A6C4DDF53905B1B6 /* TaskDetailView.swift */ = {isa = PBXFileReference; lastKnownFileType = sourcecode.swift; path = TaskDetailView.swift; sourceTree = "<group>"; };
		DDCF1A81A140D771C4779D0E /* SchemaVersions.swift */ = {isa = PBXFileReference; lastKnownFileType = sourcecode.swift; path = SchemaVersions.swift; sourceTree = "<group>"; };
		E016B91CDEA91AF1DF999437 /* RoleLevel.swift */ = {isa = PBXFileReference; lastKnownFileType = sourcecode.swift; path = RoleLevel.swift; sourceTree = "<group>"; };
		E1623F804DDEF0B92D3B6A41 /* VocabularySettingsView.swift */ = {isa = PBXFileReference; lastKnownFileType = sourcecode.swift; path = VocabularySettingsView.swift; sourceTree = "<group>"; };
		E1894E666B02691D0316570C /* ContactPicker.swift */ = {isa = PBXFileReference; lastKnownFileType = sourcecode.swift; path = ContactPicker.swift; sourceTree = "<group>"; };
		E5EDCC80A8D4B916A192C52E /* InterviewRecordingViewModel.swift */ = {isa = PBXFileReference; lastKnownFileType = sourcecode.swift; path = InterviewRecordingViewModel.swift; sourceTree = "<group>"; };
		E750BB3E0037D9160A228F10 /* ForceSimulation.swift */ = {isa = PBXFileReference; lastKnownFileType = sourcecode.swift; path = ForceSimulation.swift; sourceTree = "<group>"; };
		EA282F9DB6AE4DA53A6FFDDF /* TranscriptFile.swift */ = {isa = PBXFileReference; lastKnownFileType = sourcecode.swift; path = TranscriptFile.swift; sourceTree = "<group>"; };
		EAAE2A31F9F164242D15B47A /* OrganizationSettingsView.swift */ = {isa = PBXFileReference; lastKnownFileType = sourcecode.swift; path = OrganizationSettingsView.swift; sourceTree = "<group>"; };
		F02E7B6743C5DE21C7E30951 /* StalledNotificationService.swift */ = {isa = PBXFileReference; lastKnownFileType = sourcecode.swift; path = StalledNotificationService.swift; sourceTree = "<group>"; };
		F441D2EB2BBE4A6F48F3B85C /* DashboardView.swift */ = {isa = PBXFileReference; lastKnownFileType = sourcecode.swift; path = DashboardView.swift; sourceTree = "<group>"; };
		F59A83B6524CF1BD8477EC89 /* InterviewHubView.swift */ = {isa = PBXFileReference; lastKnownFileType = sourcecode.swift; path = InterviewHubView.swift; sourceTree = "<group>"; };
		F75935675593F5D61DBF1542 /* InterviewSetupView.swift */ = {isa = PBXFileReference; lastKnownFileType = sourcecode.swift; path = InterviewSetupView.swift; sourceTree = "<group>"; };
		FCA07D6809E46B405979C97F /* ContactRowView.swift */ = {isa = PBXFileReference; lastKnownFileType = sourcecode.swift; path = ContactRowView.swift; sourceTree = "<group>"; };
		FCF870910A70FECDA4849F93 /* MicLevelMonitor.swift */ = {isa = PBXFileReference; lastKnownFileType = sourcecode.swift; path = MicLevelMonitor.swift; sourceTree = "<group>"; };
		FD672DF259613086F9FC8826 /* RubricEditorView.swift */ = {isa = PBXFileReference; lastKnownFileType = sourcecode.swift; path = RubricEditorView.swift; sourceTree = "<group>"; };
		FFD2D7925AB625EBABBFC976 /* AWSSSOLoginService.swift */ = {isa = PBXFileReference; lastKnownFileType = sourcecode.swift; path = AWSSSOLoginService.swift; sourceTree = "<group>"; };
/* End PBXFileReference section */

/* Begin PBXFrameworksBuildPhase section */
		A0F1DE968BC9D8449BDA4BAE /* Frameworks */ = {
			isa = PBXFrameworksBuildPhase;
			buildActionMask = 2147483647;
			files = (
				EF094416DEC7A820E433B083 /* WhisperKit in Frameworks */,
				E70B167BE10778113358F597 /* Sparkle in Frameworks */,
				15581C8075FE9FB06071E4B0 /* KeychainAccess in Frameworks */,
				0822C1F8DEC3B3C33FA40140 /* FluidAudio in Frameworks */,
			);
			runOnlyForDeploymentPostprocessing = 0;
		};
/* End PBXFrameworksBuildPhase section */

/* Begin PBXGroup section */
		12C3CFBD8C2F56F77A490768 /* Updates */ = {
			isa = PBXGroup;
			children = (
			);
			path = Updates;
			sourceTree = "<group>";
		};
		27CDA99A4188BE2A7FE33EB7 /* Insights */ = {
			isa = PBXGroup;
			children = (
				C048A116939EC01A529A4FDC /* ActionItemsSection.swift */,
				4F179608AFFAA08AE6B8ADE1 /* AISummarySection.swift */,
				D628D6D9F9CA270605365A14 /* FollowUpQuestionsSection.swift */,
				2B931FA0292EE0DF9C7F8A19 /* KnowledgeLinksSection.swift */,
				BBB5B7F2625CA891A0A4FE73 /* MeetingIntelligenceView.swift */,
			);
			path = Insights;
			sourceTree = "<group>";
		};
		2939A8F76FEAA24FCBD8CC7D /* Dashboard */ = {
			isa = PBXGroup;
			children = (
				F441D2EB2BBE4A6F48F3B85C /* DashboardView.swift */,
			);
			path = Dashboard;
			sourceTree = "<group>";
		};
		2B0BC925F3D13DF8E9E62A87 /* Notifications */ = {
			isa = PBXGroup;
			children = (
				F02E7B6743C5DE21C7E30951 /* StalledNotificationService.swift */,
			);
			path = Notifications;
			sourceTree = "<group>";
		};
		2C4A67C8092DBDF2AE78791E /* MenuBar */ = {
			isa = PBXGroup;
			children = (
				355D52E442FFB5C7B6F89C4F /* MenuBarView.swift */,
			);
			path = MenuBar;
			sourceTree = "<group>";
		};
		30F8517BE7F90B5068042517 /* Services */ = {
			isa = PBXGroup;
			children = (
				4D7D79D83BC93637D07DEE04 /* AI */,
				392B84D25C99CD062D834C3B /* Audio */,
				EE84E467662981650763E881 /* Calendar */,
				986DADAEC1A5FF0C0B6D0B44 /* Logging */,
				2B0BC925F3D13DF8E9E62A87 /* Notifications */,
				8FE72467F7F1DEAB283B230B /* Obsidian */,
				659932D8AA986AA0029A97B2 /* Persistence */,
				C55C0EF6982FAB185A23C343 /* Transcription */,
				422794061E0AFB134EF099BC /* Updates */,
			);
			path = Services;
			sourceTree = "<group>";
		};
		327AAE184D33564DAA89A038 /* Tasks */ = {
			isa = PBXGroup;
			children = (
				DDA08488A6C4DDF53905B1B6 /* TaskDetailView.swift */,
			);
			path = Tasks;
			sourceTree = "<group>";
		};
		392B84D25C99CD062D834C3B /* Audio */ = {
			isa = PBXGroup;
			children = (
				D5928000A283F6255762E577 /* Models */,
				23D9772408B00E7D046004B1 /* AudioChunkValidator.swift */,
				B46CD3C11445ADB010BAFCF7 /* AudioFileWriter.swift */,
				3064E03937611C03B74553CD /* AudioFormatConverter.swift */,
				B99AB2AFF5771EB858517BA9 /* AudioSessionManager.swift */,
				FCF870910A70FECDA4849F93 /* MicLevelMonitor.swift */,
				ACFC782BC165D3DA75DFE688 /* MicrophoneCaptureService.swift */,
				74A9A340B566AD4ABDBB929D /* SystemAudioCaptureService.swift */,
			);
			path = Audio;
			sourceTree = "<group>";
		};
		3B22AC971954FB41660C0E46 /* Resources */ = {
			isa = PBXGroup;
			children = (
				BA1A084FCAEDCA30D57F7BF5 /* Assets.xcassets */,
			);
			path = Resources;
			sourceTree = "<group>";
		};
		422794061E0AFB134EF099BC /* Updates */ = {
			isa = PBXGroup;
			children = (
				02203A251A6442629C7C3EA5 /* SparkleUpdaterDelegate.swift */,
			);
			path = Updates;
			sourceTree = "<group>";
		};
		4D7D79D83BC93637D07DEE04 /* AI */ = {
			isa = PBXGroup;
			children = (
				4D73DBC02E9A067276E806B8 /* AIClientFactory.swift */,
				8D5C025F672896B9EBCD995D /* AIClientProtocol.swift */,
				B66D41A4DDC8876D46E90AD7 /* AIIntelligenceService.swift */,
				69AB1E3DF6577FB00871B539 /* AIPromptTemplates.swift */,
				57C7DDBDF9E04C8AA890F062 /* AIRetry.swift */,
				CD9733020AF86912380852E7 /* AWSCredentialLoader.swift */,
				FFD2D7925AB625EBABBFC976 /* AWSSSOLoginService.swift */,
				59A4997345983696DC9017FF /* BedrockAPIClient.swift */,
				57B9AB151CD1BBDDDCB15B67 /* ClaudeAPIClient.swift */,
				066FDCBC8824BB15CDDC73B0 /* CommitmentTrackingService.swift */,
				8363D29DBB4CADCC8DD08381 /* InterviewIntelligenceService.swift */,
				6A9A10AF91F15CA169F503A2 /* InterviewPromptTemplates.swift */,
				B844FF1A1E3ECA5753702A38 /* MeetingPrepService.swift */,
				1FB7CEC0E14991A2743BEB83 /* PromptStore.swift */,
				93C28939DE9447A9DCE2636A /* TrajectorSettings.swift */,
				EA282F9DB6AE4DA53A6FFDDF /* TranscriptFile.swift */,
			);
			path = AI;
			sourceTree = "<group>";
		};
		4EA78FA57D534BCD65A7A367 /* Onboarding */ = {
			isa = PBXGroup;
			children = (
			);
			path = Onboarding;
			sourceTree = "<group>";
		};
		589E1DCE4240BE30374CE664 /* App */ = {
			isa = PBXGroup;
			children = (
				C6774606B2258926F847E4C4 /* AppEnvironment.swift */,
				176C0D546904574EAA12A436 /* ContentView.swift */,
				C1042E6A22B62FFEFCB01BAA /* GreyEminenceApp.swift */,
			);
			path = App;
			sourceTree = "<group>";
		};
		5F9B2999A466CA56184EA3B1 /* GreyEminenceTests */ = {
			isa = PBXGroup;
			children = (
				3946643E25AD52CD5C5B4307 /* AIRetryTests.swift */,
				8EE1444D1BB821BCF57E37F6 /* AudioFileWriterTests.swift */,
				80A717B7D00035B80DA03D31 /* StoreBackupServiceTests.swift */,
			);
			path = GreyEminenceTests;
			sourceTree = "<group>";
		};
		5FA4FE5A91DD0D23A428E73B /* Features */ = {
			isa = PBXGroup;
			children = (
				A6020C2B0805FD26C611EEC1 /* ActivityLog */,
				2939A8F76FEAA24FCBD8CC7D /* Dashboard */,
				27CDA99A4188BE2A7FE33EB7 /* Insights */,
				E50E04BBED33426B528E260E /* Interview */,
				B22741CCEACD22E7DF8980D9 /* MeetingList */,
				2C4A67C8092DBDF2AE78791E /* MenuBar */,
				840F882DB82704C0F1E2C9FA /* People */,
				6561D28B5DAEB16664556829 /* Recording */,
				F4E8191C2484BE6ADF85CE46 /* Settings */,
				88E7AA2402B212B1256D7F6A /* Sidebar */,
				327AAE184D33564DAA89A038 /* Tasks */,
				6BC5FBFB9B02E759BDD6294A /* TopicMap */,
			);
			path = Features;
			sourceTree = "<group>";
		};
		6561D28B5DAEB16664556829 /* Recording */ = {
			isa = PBXGroup;
			children = (
				C0FFE615EDF257D5D3EC87E1 /* LiveTranscriptView.swift */,
				1A449FC8E55341990C8A3A7A /* MeetingPrepView.swift */,
				2B5081D914CE6F311AA9EB21 /* NoteInputBar.swift */,
				130974A6F8E2B27E4705F6A3 /* RecordingToolbar.swift */,
				DBAB1E4C042E177AB57AA5C0 /* RecordingView.swift */,
				980E9BFF806B56551CE76E1A /* RecordingViewModel.swift */,
				8F93F2580A0F2585FD914629 /* TranscriptSegmentRow.swift */,
			);
			path = Recording;
			sourceTree = "<group>";
		};
		659932D8AA986AA0029A97B2 /* Persistence */ = {
			isa = PBXGroup;
			children = (
				5B83B40FCCFC9C150D3A4578 /* KeychainHelper.swift */,
				8141402D9688729287F5C68F /* MeetingStore.swift */,
				B06EAD3F5A91BFA54D382AB2 /* PersistenceGate.swift */,
				B253F64F1BB1E9EB1097F826 /* RecordingLockFile.swift */,
				DDCF1A81A140D771C4779D0E /* SchemaVersions.swift */,
				A0AF2329398C06BB75B022FF /* StorageManager.swift */,
				B0EF488132E4D08FE91C867E /* StoreBackupService.swift */,
			);
			path = Persistence;
			sourceTree = "<group>";
		};
		6BC5FBFB9B02E759BDD6294A /* TopicMap */ = {
			isa = PBXGroup;
			children = (
				E750BB3E0037D9160A228F10 /* ForceSimulation.swift */,
				C28472798341F1E27B7D42F4 /* TopicDetailPanel.swift */,
				9E9BD9C1EDBF636CD6482196 /* TopicGraphTypes.swift */,
				A5F1219300D6C15092F27872 /* TopicMapView.swift */,
				A78A135EB98D0ABDEB1EE563 /* TopicMapViewModel.swift */,
			);
			path = TopicMap;
			sourceTree = "<group>";
		};
		840F882DB82704C0F1E2C9FA /* People */ = {
			isa = PBXGroup;
			children = (
				ABFD6367AB1A91EBD9D2A865 /* AddContactSheet.swift */,
				6D71B4ACDF2860C265D2E456 /* ContactDetailView.swift */,
				E1894E666B02691D0316570C /* ContactPicker.swift */,
				FCA07D6809E46B405979C97F /* ContactRowView.swift */,
				B18B5B7B23A1F23EB5D7BFCA /* MeetingAttendeesRow.swift */,
				5C0D2BB249FEACDA87A7EF0B /* PeopleView.swift */,
			);
			path = People;
			sourceTree = "<group>";
		};
		88E7AA2402B212B1256D7F6A /* Sidebar */ = {
			isa = PBXGroup;
			children = (
				035F3AE9352BFA1B1EC72E90 /* SidebarView.swift */,
			);
			path = Sidebar;
			sourceTree = "<group>";
		};
		8FE72467F7F1DEAB283B230B /* Obsidian */ = {
			isa = PBXGroup;
			children = (
				B627ED8329AE7CA2DD317878 /* ObsidianExportService.swift */,
			);
			path = Obsidian;
			sourceTree = "<group>";
		};
		8FF4E8906A35E93D6FCC395C /* Products */ = {
			isa = PBXGroup;
			children = (
				06649713AEC967601987522A /* GreyEminence.app */,
				24F3845FE267CF4C12988BFE /* GreyEminenceTests.xctest */,
			);
			name = Products;
			sourceTree = "<group>";
		};
		986DADAEC1A5FF0C0B6D0B44 /* Logging */ = {
			isa = PBXGroup;
			children = (
				B8DBD9003CCA77B1F437121C /* LogManager.swift */,
			);
			path = Logging;
			sourceTree = "<group>";
		};
		9C5775164E7144B72E1C6C32 /* GreyEminence */ = {
			isa = PBXGroup;
			children = (
				589E1DCE4240BE30374CE664 /* App */,
				5FA4FE5A91DD0D23A428E73B /* Features */,
				CECBA866FBB126DBC358DF7C /* Infrastructure */,
				AD2862133D9A3373526A585D /* Models */,
				3B22AC971954FB41660C0E46 /* Resources */,
				30F8517BE7F90B5068042517 /* Services */,
				1ABED09F9C41DEF26FDD8CB3 /* GreyEminence.entitlements */,
				6CA97EAE00616CBA74905937 /* Info.plist */,
			);
			path = GreyEminence;
			sourceTree = "<group>";
		};
		A6020C2B0805FD26C611EEC1 /* ActivityLog */ = {
			isa = PBXGroup;
			children = (
				CE48D54E7D30160DB6840EBE /* LogView.swift */,
			);
			path = ActivityLog;
			sourceTree = "<group>";
		};
		AD2862133D9A3373526A585D /* Models */ = {
			isa = PBXGroup;
			children = (
				BB29EBBD966374617FAC91F6 /* ActionItem.swift */,
				0B86BEE74BFC9E0E417DCF5A /* Candidate.swift */,
				B81DE507A29E8F31EEE7A14B /* Contact.swift */,
				0364AF825A0A158818A2C86D /* CriterionEvaluation.swift */,
				463CA7B7E7481F99C5ED9D93 /* Department.swift */,
				64E9FE67D22C9B5648478322 /* Interview.swift */,
				7878D6C9C0D5359FBE2ED513 /* InterviewBookmark.swift */,
				3F08738D7D9258962EA6B659 /* InterviewImpression.swift */,
				9F43B13AE41AF8236D03AB34 /* InterviewImpressionTrait.swift */,
				1F2EE3D3FF1C35A523A8F56C /* InterviewNote.swift */,
				CA9332875D8DF9786389A129 /* InterviewRole.swift */,
				1B95809735E6E5534ED30962 /* InterviewSectionScore.swift */,
				8FFDC9ABAD40D943DE809198 /* Meeting.swift */,
				BA2B75D0915DCF472081C0F4 /* MeetingInsight.swift */,
				E016B91CDEA91AF1DF999437 /* RoleLevel.swift */,
				16FDDE6B20442020C1A542EC /* Rubric.swift */,
				19C6927F280175D31CAADD91 /* RubricBonusSignal.swift */,
				4763E15F118E2C39BBE17F27 /* RubricCriterion.swift */,
				CF52CED04CA1D2F4347E1DED /* RubricSection.swift */,
				C5E0850098FB7EB6B1D48C73 /* ScoreEvidence.swift */,
				ABA6148B7B2D3CF9E6FCA594 /* Speaker.swift */,
				42B56FC793823CAFBBB617DF /* Team.swift */,
				3AE45FF59C2AC3113F02C4CC /* TranscriptSegment.swift */,
			);
			path = Models;
			sourceTree = "<group>";
		};
		B22741CCEACD22E7DF8980D9 /* MeetingList */ = {
			isa = PBXGroup;
			children = (
				CCD46DD530F5CE11FE209E36 /* DedupDebugRow.swift */,
				C6F5DC8974A4F45DDF6B19FC /* EditableTranscriptSegmentRow.swift */,
				233B5632B22BFA4C7E512907 /* MeetingDetailView.swift */,
				69F56A5B034BDA436C319D0C /* MeetingHeaderBar.swift */,
				AFB956B7F4F0CA68BF37E5F5 /* MeetingListView.swift */,
				4B86DBE859B4EF56428216AA /* MeetingRowView.swift */,
				5225DE7E98248F22B00C08CB /* TranscriptPanelView.swift */,
			);
			path = MeetingList;
			sourceTree = "<group>";
		};
		C55C0EF6982FAB185A23C343 /* Transcription */ = {
			isa = PBXGroup;
			children = (
				0967272565AFAF7A394DB16E /* FluidAsrService.swift */,
				00113CB03ECCACD1B6516101 /* ModelDownloadManager.swift */,
				8F5B5497FD93F6C7BFE23CE6 /* SpeakerContactMapper.swift */,
				6EAE39B31598DBAB6A3CFFFB /* SpeakerDiarizationService.swift */,
				3808CC293C20D0583278C3F9 /* TranscriptDeduplicator.swift */,
				BD246F57B67011F22F1AF64A /* TranscriptionCoordinator.swift */,
				3A49043AC4DC48EF88C729BE /* VocabularyManager.swift */,
			);
			path = Transcription;
			sourceTree = "<group>";
		};
		CECBA866FBB126DBC358DF7C /* Infrastructure */ = {
			isa = PBXGroup;
			children = (
				4EA78FA57D534BCD65A7A367 /* Onboarding */,
				12C3CFBD8C2F56F77A490768 /* Updates */,
			);
			path = Infrastructure;
			sourceTree = "<group>";
		};
		D5928000A283F6255762E577 /* Models */ = {
			isa = PBXGroup;
			children = (
				A3D9941CB56A4C5A85C1223D /* TaggedAudioBuffer.swift */,
			);
			path = Models;
			sourceTree = "<group>";
		};
		E50E04BBED33426B528E260E /* Interview */ = {
			isa = PBXGroup;
			children = (
				07C2F2D5D37B973CB7660588 /* AddCandidateSheet.swift */,
				4C160A2AE8063D161B554AAA /* CandidateDetailView.swift */,
				7EE35BB1B53FA715D0E3B606 /* CandidateListView.swift */,
				F59A83B6524CF1BD8477EC89 /* InterviewHubView.swift */,
				B1883C32FA38176C32ED9B57 /* InterviewListView.swift */,
				E5EDCC80A8D4B916A192C52E /* InterviewRecordingViewModel.swift */,
				77CBEB9C00C6D9F952CEA6EE /* InterviewScorecardView.swift */,
				467A2217512A73AC48F65308 /* InterviewSectionScoreCard.swift */,
				F75935675593F5D61DBF1542 /* InterviewSetupView.swift */,
				52BA4CA49EBD1B2A041D5E84 /* LiveInterviewIntelligenceView.swift */,
				85571895F31B17D9B41094BB /* LiveInterviewView.swift */,
				FD672DF259613086F9FC8826 /* RubricEditorView.swift */,
				A47BC52049DFA6A2808B1FC6 /* RubricListView.swift */,
				22EBC71AC684DEC93517AF36 /* RubricSectionEditorView.swift */,
				4EBBBD940532534CC8B5F6BD /* SectionMarkerView.swift */,
				9777ACE77F882D5DF615E010 /* TranscriptTestView.swift */,
			);
			path = Interview;
			sourceTree = "<group>";
		};
		EE84E467662981650763E881 /* Calendar */ = {
			isa = PBXGroup;
			children = (
				7FACAFB70049A918A9CC576F /* CalendarService.swift */,
			);
			path = Calendar;
			sourceTree = "<group>";
		};
		F3BD6BBD57ADE683F8CBDED5 = {
			isa = PBXGroup;
			children = (
				9C5775164E7144B72E1C6C32 /* GreyEminence */,
				5F9B2999A466CA56184EA3B1 /* GreyEminenceTests */,
				F81B1B7AF5A8A3C9789B1F3B /* Packages */,
				8FF4E8906A35E93D6FCC395C /* Products */,
			);
			sourceTree = "<group>";
		};
		F4E8191C2484BE6ADF85CE46 /* Settings */ = {
			isa = PBXGroup;
			children = (
				10F8F5AD9A2BC34E742295DC /* APIKeySettingsView.swift */,
				657275C542280701138F3D42 /* AudioSettingsView.swift */,
				5765DCC2A9C69824B80708F8 /* CheckForUpdatesViewModel.swift */,
				C0A58B8B68B5A249D975F355 /* DeveloperPromptEditorView.swift */,
				A9CE69F8422EE39E764DCC50 /* DeveloperSettingsView.swift */,
				97149F3BA600B75B86FBBC1A /* GeneralSettingsView.swift */,
				87D1BE56DAC018A93D783368 /* MyProfileSetupSheet.swift */,
				415A0246E468B367021CD3C0 /* ObsidianSettingsView.swift */,
				EAAE2A31F9F164242D15B47A /* OrganizationSettingsView.swift */,
				4DAA9CB7A537E882B021ABF4 /* SettingsView.swift */,
				E1623F804DDEF0B92D3B6A41 /* VocabularySettingsView.swift */,
			);
			path = Settings;
			sourceTree = "<group>";
		};
		F81B1B7AF5A8A3C9789B1F3B /* Packages */ = {
			isa = PBXGroup;
			children = (
				69C5FDC952292078A71B2650 /* FluidAudio */,
			);
			name = Packages;
			sourceTree = "<group>";
		};
/* End PBXGroup section */

/* Begin PBXNativeTarget section */
		3415D6212A62F9CAA3A42607 /* GreyEminenceTests */ = {
			isa = PBXNativeTarget;
			buildConfigurationList = 577FF4AACA24B39A67F719A4 /* Build configuration list for PBXNativeTarget "GreyEminenceTests" */;
			buildPhases = (
				C7D3D364EB12F215B2CBB6D9 /* Sources */,
			);
			buildRules = (
			);
			dependencies = (
				817EE1B0D3D4161DCB832659 /* PBXTargetDependency */,
			);
			name = GreyEminenceTests;
			packageProductDependencies = (
			);
			productName = GreyEminenceTests;
			productReference = 24F3845FE267CF4C12988BFE /* GreyEminenceTests.xctest */;
			productType = "com.apple.product-type.bundle.unit-test";
		};
		9D3F254D0A257227D3153F0F /* GreyEminence */ = {
			isa = PBXNativeTarget;
			buildConfigurationList = 63165B542180671B5D35F010 /* Build configuration list for PBXNativeTarget "GreyEminence" */;
			buildPhases = (
				64A646F870892A8DD28D4205 /* Sources */,
				ED7C3B9083EC53639CE624BE /* Resources */,
				A0F1DE968BC9D8449BDA4BAE /* Frameworks */,
			);
			buildRules = (
			);
			dependencies = (
			);
			name = GreyEminence;
			packageProductDependencies = (
				2E69A29410C62BC3E40B55D6 /* WhisperKit */,
				343CDDEE0B27FAA559721E19 /* Sparkle */,
				771A5419E207FBBDED603E7C /* KeychainAccess */,
				E73B3D65573E84BFDA22E0FA /* FluidAudio */,
			);
			productName = GreyEminence;
			productReference = 06649713AEC967601987522A /* GreyEminence.app */;
			productType = "com.apple.product-type.application";
		};
/* End PBXNativeTarget section */

/* Begin PBXProject section */
		C27CB611C59223E78E3FD310 /* Project object */ = {
			isa = PBXProject;
			attributes = {
				BuildIndependentTargetsInParallel = YES;
				LastUpgradeCheck = 1600;
				TargetAttributes = {
					9D3F254D0A257227D3153F0F = {
						ProvisioningStyle = Automatic;
					};
				};
			};
			buildConfigurationList = B6A4E2BCAF20ADC67C1C44CD /* Build configuration list for PBXProject "GreyEminence" */;
			compatibilityVersion = "Xcode 14.0";
			developmentRegion = en;
			hasScannedForEncodings = 0;
			knownRegions = (
				Base,
				en,
			);
			mainGroup = F3BD6BBD57ADE683F8CBDED5;
			minimizedProjectReferenceProxies = 1;
			packageReferences = (
				D6F1A7CCAA48EE7E20DE75AB /* XCRemoteSwiftPackageReference "KeychainAccess" */,
				5389355E913BC6F7F2610057 /* XCRemoteSwiftPackageReference "Sparkle" */,
				4AD7498102CB31237F9A261B /* XCRemoteSwiftPackageReference "WhisperKit" */,
				91DE630A608607CE0F5D4A40 /* XCLocalSwiftPackageReference "LocalPackages/FluidAudio" */,
			);
			preferredProjectObjectVersion = 77;
			projectDirPath = "";
			projectRoot = "";
			targets = (
				9D3F254D0A257227D3153F0F /* GreyEminence */,
				3415D6212A62F9CAA3A42607 /* GreyEminenceTests */,
			);
		};
/* End PBXProject section */

/* Begin PBXResourcesBuildPhase section */
		ED7C3B9083EC53639CE624BE /* Resources */ = {
			isa = PBXResourcesBuildPhase;
			buildActionMask = 2147483647;
			files = (
				7699EF292CB0F123ED431524 /* Assets.xcassets in Resources */,
			);
			runOnlyForDeploymentPostprocessing = 0;
		};
/* End PBXResourcesBuildPhase section */

/* Begin PBXSourcesBuildPhase section */
		64A646F870892A8DD28D4205 /* Sources */ = {
			isa = PBXSourcesBuildPhase;
			buildActionMask = 2147483647;
			files = (
				8B007657E79B35D0EE9E89A3 /* AIClientFactory.swift in Sources */,
				EDF38D93C1682EED3F51100C /* AIClientProtocol.swift in Sources */,
				818879FDFE90846E3A165E26 /* AIIntelligenceService.swift in Sources */,
				CA4D93E6FAEA9C013721DD8D /* AIPromptTemplates.swift in Sources */,
				4DB26F82C595B647ABF40EE6 /* AIRetry.swift in Sources */,
				DFD5D83CB62AE26B8D30DEFA /* AISummarySection.swift in Sources */,
				55A5B3B4215E63B6E5107C20 /* APIKeySettingsView.swift in Sources */,
				358B6538C05E798409F51190 /* AWSCredentialLoader.swift in Sources */,
				E95D2DC42117DB10914E4FA2 /* AWSSSOLoginService.swift in Sources */,
				9C87024EC990637DB6352C8A /* ActionItem.swift in Sources */,
				BD98B27D397675FC5ADCC4FC /* ActionItemsSection.swift in Sources */,
				4DC7178C6A8D0E2E5554E066 /* AddCandidateSheet.swift in Sources */,
				E2632D99502C0B96E12734AF /* AddContactSheet.swift in Sources */,
				D59E4FDE79625794D5A8A32E /* AppEnvironment.swift in Sources */,
				D3F792CF7E707B6031803B4E /* AudioChunkValidator.swift in Sources */,
				010A701DA859882F23D02586 /* AudioFileWriter.swift in Sources */,
				86D3B5E6153AE30228461601 /* AudioFormatConverter.swift in Sources */,
				20DD508F5AC230A71F401AA7 /* AudioSessionManager.swift in Sources */,
				0DA17FC2ACA6257DDF8C6BF5 /* AudioSettingsView.swift in Sources */,
				645FB051CDDEF1925D77944A /* BedrockAPIClient.swift in Sources */,
				9612CE638E6815D0234D9A09 /* CalendarService.swift in Sources */,
				A8740BAFD283BC00E8F1C08E /* Candidate.swift in Sources */,
				706A3BA40184EBEF4F80EF5D /* CandidateDetailView.swift in Sources */,
				FA8953738B11A84516D35908 /* CandidateListView.swift in Sources */,
				B26856F7F2A58BF855DA90DC /* CheckForUpdatesViewModel.swift in Sources */,
				50F1D888439483986E026777 /* ClaudeAPIClient.swift in Sources */,
				4B2EF779DCD9865FDCCF6D77 /* CommitmentTrackingService.swift in Sources */,
				F04847E3D961E5529DA665DA /* Contact.swift in Sources */,
				B3D94C0FABCF7BCB4A419276 /* ContactDetailView.swift in Sources */,
				CA397207ABB9967B21A63E08 /* ContactPicker.swift in Sources */,
				2752C857ED799575298D2EE7 /* ContactRowView.swift in Sources */,
				9CAA57863B9D3DF1ADAAA09D /* ContentView.swift in Sources */,
				002B9FD55A3EA8C2DAD95187 /* CriterionEvaluation.swift in Sources */,
				6B3B7042DBD6D529106704B5 /* DashboardView.swift in Sources */,
				A02605F83C29F34FD45E8B79 /* DedupDebugRow.swift in Sources */,
				7F635C78864C77293458EC6B /* Department.swift in Sources */,
				81A67F2528B2291F0FBA53CD /* DeveloperPromptEditorView.swift in Sources */,
				D98A288BDF846F04DB63D39E /* DeveloperSettingsView.swift in Sources */,
				C0317E10EB971EE94147B831 /* EditableTranscriptSegmentRow.swift in Sources */,
				BCFE8F9A5D779015BD38FA97 /* FluidAsrService.swift in Sources */,
				33715D44310936A4E6B8B6D0 /* FollowUpQuestionsSection.swift in Sources */,
				410FF2704E7C22D08D23D9D6 /* ForceSimulation.swift in Sources */,
				EA1A3B8F35504E54F26166BA /* GeneralSettingsView.swift in Sources */,
				EBDFB61941795F32A239C472 /* GreyEminenceApp.swift in Sources */,
				F9A80A4871C0F7EFA7A4D3A6 /* Interview.swift in Sources */,
				495F4E2FEEAC19E852271002 /* InterviewBookmark.swift in Sources */,
				0ADAF5362F0166CB7AA9E9C0 /* InterviewHubView.swift in Sources */,
				3052BD7FCCDE88CE3C036561 /* InterviewImpression.swift in Sources */,
				C74BE4826517F3C84D70DB3B /* InterviewImpressionTrait.swift in Sources */,
				4049FE1019DF0F0079883216 /* InterviewIntelligenceService.swift in Sources */,
				D0D02AD902D348ADFE6F2935 /* InterviewListView.swift in Sources */,
				C5FC15AF53305A50055CF338 /* InterviewNote.swift in Sources */,
				CAE631B21FD4390A98F4BD5E /* InterviewPromptTemplates.swift in Sources */,
				3191CB3A44A1238D798130F5 /* InterviewRecordingViewModel.swift in Sources */,
				3FAC8EEE1160183F8FF49BA1 /* InterviewRole.swift in Sources */,
				240145ECED5179E26AD5EA54 /* InterviewScorecardView.swift in Sources */,
				28C92B79DE182F4A9FFE4F80 /* InterviewSectionScore.swift in Sources */,
				7E1823E29DFDFD8A58B894D6 /* InterviewSectionScoreCard.swift in Sources */,
				34C618A611D7F51790982544 /* InterviewSetupView.swift in Sources */,
				4A68EC33839FE5093B329490 /* KeychainHelper.swift in Sources */,
				C9EBA7BFEBA1F4DAC059CAD7 /* KnowledgeLinksSection.swift in Sources */,
				7C169E02EA7A7A86699F2F32 /* LiveInterviewIntelligenceView.swift in Sources */,
				93DA0C25320EE99EC20C1EA7 /* LiveInterviewView.swift in Sources */,
				71DD1B1AACF574A9C2948594 /* LiveTranscriptView.swift in Sources */,
				36A1C9238C5911FED5D5B521 /* LogManager.swift in Sources */,
				F0C354CA30884FC2707533FC /* LogView.swift in Sources */,
				ECFE81215DB0777BFBCD5FA7 /* Meeting.swift in Sources */,
				55A2068CDD71B2430C84E5DE /* MeetingAttendeesRow.swift in Sources */,
				EACA65399C1BFB8738DC1428 /* MeetingDetailView.swift in Sources */,
				8EF9F7BDD81C860D0B0BE8EC /* MeetingHeaderBar.swift in Sources */,
				1511D8ED93545EDCA506CFE1 /* MeetingInsight.swift in Sources */,
				BBB05812E8776A60C628AD0B /* MeetingIntelligenceView.swift in Sources */,
				3BFAC0DA58C2B59A7B9DDADC /* MeetingListView.swift in Sources */,
				A882ABE35BA77B48EF727F8F /* MeetingPrepService.swift in Sources */,
				D15B92644A209FBBF7B31D8D /* MeetingPrepView.swift in Sources */,
				B0B93EBDC1B05304CFC289ED /* MeetingRowView.swift in Sources */,
				2B9F3EFF0BFC3FFBF5D62A54 /* MeetingStore.swift in Sources */,
				2F5426980E4A67F002187DCA /* MenuBarView.swift in Sources */,
				B61817A61C272312B58CEB5B /* MicLevelMonitor.swift in Sources */,
				468D89A5C59728BCF165C8B5 /* MicrophoneCaptureService.swift in Sources */,
				0962CE60D8CA562FED69C778 /* ModelDownloadManager.swift in Sources */,
				34858E9392DE15CD6EB29714 /* MyProfileSetupSheet.swift in Sources */,
				98A16A6B0DB5EA0266B8FDA4 /* NoteInputBar.swift in Sources */,
				24283F84D0FD2716A6806F48 /* ObsidianExportService.swift in Sources */,
				DBDF5229655F6F36425F0F6F /* ObsidianSettingsView.swift in Sources */,
				87041339499E41CA9C187A95 /* OrganizationSettingsView.swift in Sources */,
				A173DAAD896AF99772AC00EA /* PeopleView.swift in Sources */,
				FC91687C779A58699CF98D54 /* PersistenceGate.swift in Sources */,
				D1BCC317E4B910D757CB9FC6 /* PromptStore.swift in Sources */,
				2BF009A9D76C95D73B91CCDD /* RecordingLockFile.swift in Sources */,
				6428B269561C1610AE114AB8 /* RecordingToolbar.swift in Sources */,
				166B9F5D6DE977883E7A1EC7 /* RecordingView.swift in Sources */,
				1B0D1DC060B9CA9E2A87E2DD /* RecordingViewModel.swift in Sources */,
				20E58AD8BC35A77A824C2633 /* RoleLevel.swift in Sources */,
				970E364563D298477D3B8815 /* Rubric.swift in Sources */,
				1BD50BA428B227711DD3FD21 /* RubricBonusSignal.swift in Sources */,
				731B99180852038A8C312858 /* RubricCriterion.swift in Sources */,
				BB7633BE94F6BB761292A8B5 /* RubricEditorView.swift in Sources */,
				3AA83AF5E55969C40719957C /* RubricListView.swift in Sources */,
				8C6B05D3E05E3B1B03E2C29A /* RubricSection.swift in Sources */,
				8C25916DB63984A44D34D1E1 /* RubricSectionEditorView.swift in Sources */,
				BFECEA4333EBD37114C21E0E /* SchemaVersions.swift in Sources */,
				32F2D5A931A3AA1356F022D8 /* ScoreEvidence.swift in Sources */,
				F9E5B7B92D5523164E3619A8 /* SectionMarkerView.swift in Sources */,
				74CC2E4DBCD6DE379F332162 /* SettingsView.swift in Sources */,
				82E0731B8F98E1C689F629DC /* SidebarView.swift in Sources */,
				CC29BCBB453D0F8515604013 /* SparkleUpdaterDelegate.swift in Sources */,
				6FAA39AF5B2ECCCC58143107 /* Speaker.swift in Sources */,
				35E1728D83EE5E36848E0733 /* SpeakerContactMapper.swift in Sources */,
				77072DF00BC4524199A52DC2 /* SpeakerDiarizationService.swift in Sources */,
				487BD675B1D14E5FDE9AE4D7 /* StalledNotificationService.swift in Sources */,
				A6084800D0732B67F76DA306 /* StorageManager.swift in Sources */,
				9A3302CA1DB463F3A3CB185C /* StoreBackupService.swift in Sources */,
				FAF507B483908D2C3227910D /* SystemAudioCaptureService.swift in Sources */,
				96FC88F4A50DBC442D684EA9 /* TaggedAudioBuffer.swift in Sources */,
				9B52044681763DFEEBF9682C /* TaskDetailView.swift in Sources */,
				768C41869E0CB2E13A3D5875 /* Team.swift in Sources */,
				75CD7EF11CFD80D27C067EE9 /* TopicDetailPanel.swift in Sources */,
				D685F38BB10ABFCCD46702B1 /* TopicGraphTypes.swift in Sources */,
				A56AA659210C04EDA55E5547 /* TopicMapView.swift in Sources */,
				C8A09C98EF56FD84DB69494C /* TopicMapViewModel.swift in Sources */,
				D844A67123CE2E80F33DA503 /* TrajectorSettings.swift in Sources */,
				5B0D134A768087BDA747466F /* TranscriptDeduplicator.swift in Sources */,
				24A51E8E58619EC0E363982F /* TranscriptFile.swift in Sources */,
				5BE06B68015F12B69EB436D8 /* TranscriptPanelView.swift in Sources */,
				2A3497DC017555A3BE9E29C3 /* TranscriptSegment.swift in Sources */,
				F15D9A6FD119A8B208111A26 /* TranscriptSegmentRow.swift in Sources */,
				F1C63EC5E3E3C89899D43533 /* TranscriptTestView.swift in Sources */,
				1E9491591B4678CBCE46C8E2 /* TranscriptionCoordinator.swift in Sources */,
				6632545DC3BCE1347E7D2AAF /* VocabularyManager.swift in Sources */,
				390FF076D5D31B58C391477A /* VocabularySettingsView.swift in Sources */,
			);
			runOnlyForDeploymentPostprocessing = 0;
		};
		C7D3D364EB12F215B2CBB6D9 /* Sources */ = {
			isa = PBXSourcesBuildPhase;
			buildActionMask = 2147483647;
			files = (
				6E45CEDA458C896848FE2178 /* AIRetryTests.swift in Sources */,
				D6576BB5BC20C4820836652A /* AudioFileWriterTests.swift in Sources */,
				9AD1A6B7364F61A0019DE2CB /* StoreBackupServiceTests.swift in Sources */,
			);
			runOnlyForDeploymentPostprocessing = 0;
		};
/* End PBXSourcesBuildPhase section */

/* Begin PBXTargetDependency section */
		817EE1B0D3D4161DCB832659 /* PBXTargetDependency */ = {
			isa = PBXTargetDependency;
			target = 9D3F254D0A257227D3153F0F /* GreyEminence */;
			targetProxy = D631BE94522D5A8EC62C9540 /* PBXContainerItemProxy */;
		};
/* End PBXTargetDependency section */

/* Begin XCBuildConfiguration section */
		1D327106EF2E1BF9795AEA5E /* Debug */ = {
			isa = XCBuildConfiguration;
			buildSettings = {
				ALWAYS_SEARCH_USER_PATHS = NO;
				CLANG_ANALYZER_NONNULL = YES;
				CLANG_ANALYZER_NUMBER_OBJECT_CONVERSION = YES_AGGRESSIVE;
				CLANG_CXX_LANGUAGE_STANDARD = "gnu++14";
				CLANG_CXX_LIBRARY = "libc++";
				CLANG_ENABLE_MODULES = YES;
				CLANG_ENABLE_OBJC_ARC = YES;
				CLANG_ENABLE_OBJC_WEAK = YES;
				CLANG_WARN_BLOCK_CAPTURE_AUTORELEASING = YES;
				CLANG_WARN_BOOL_CONVERSION = YES;
				CLANG_WARN_COMMA = YES;
				CLANG_WARN_CONSTANT_CONVERSION = YES;
				CLANG_WARN_DEPRECATED_OBJC_IMPLEMENTATIONS = YES;
				CLANG_WARN_DIRECT_OBJC_ISA_USAGE = YES_ERROR;
				CLANG_WARN_DOCUMENTATION_COMMENTS = YES;
				CLANG_WARN_EMPTY_BODY = YES;
				CLANG_WARN_ENUM_CONVERSION = YES;
				CLANG_WARN_INFINITE_RECURSION = YES;
				CLANG_WARN_INT_CONVERSION = YES;
				CLANG_WARN_NON_LITERAL_NULL_CONVERSION = YES;
				CLANG_WARN_OBJC_IMPLICIT_RETAIN_SELF = YES;
				CLANG_WARN_OBJC_LITERAL_CONVERSION = YES;
				CLANG_WARN_OBJC_ROOT_CLASS = YES_ERROR;
				CLANG_WARN_QUOTED_INCLUDE_IN_FRAMEWORK_HEADER = YES;
				CLANG_WARN_RANGE_LOOP_ANALYSIS = YES;
				CLANG_WARN_STRICT_PROTOTYPES = YES;
				CLANG_WARN_SUSPICIOUS_MOVE = YES;
				CLANG_WARN_UNGUARDED_AVAILABILITY = YES_AGGRESSIVE;
				CLANG_WARN_UNREACHABLE_CODE = YES;
				CLANG_WARN__DUPLICATE_METHOD_MATCH = YES;
				COPY_PHASE_STRIP = NO;
				DEBUG_INFORMATION_FORMAT = dwarf;
				ENABLE_STRICT_OBJC_MSGSEND = YES;
				ENABLE_TESTABILITY = YES;
				ENABLE_USER_SCRIPT_SANDBOXING = NO;
				GCC_C_LANGUAGE_STANDARD = gnu11;
				GCC_DYNAMIC_NO_PIC = NO;
				GCC_NO_COMMON_BLOCKS = YES;
				GCC_OPTIMIZATION_LEVEL = 0;
				GCC_PREPROCESSOR_DEFINITIONS = (
					"$(inherited)",
					"DEBUG=1",
				);
				GCC_WARN_64_TO_32_BIT_CONVERSION = YES;
				GCC_WARN_ABOUT_RETURN_TYPE = YES_ERROR;
				GCC_WARN_UNDECLARED_SELECTOR = YES;
				GCC_WARN_UNINITIALIZED_AUTOS = YES_AGGRESSIVE;
				GCC_WARN_UNUSED_FUNCTION = YES;
				GCC_WARN_UNUSED_VARIABLE = YES;
				MACOSX_DEPLOYMENT_TARGET = 14.2;
				MTL_ENABLE_DEBUG_INFO = INCLUDE_SOURCE;
				MTL_FAST_MATH = YES;
				ONLY_ACTIVE_ARCH = YES;
				PRODUCT_NAME = "$(TARGET_NAME)";
				SDKROOT = macosx;
				SWIFT_ACTIVE_COMPILATION_CONDITIONS = DEBUG;
				SWIFT_OPTIMIZATION_LEVEL = "-Onone";
				SWIFT_STRICT_CONCURRENCY = complete;
				SWIFT_VERSION = 6.0;
			};
			name = Debug;
		};
		4D042E33E77A74A5BC14C429 /* Debug */ = {
			isa = XCBuildConfiguration;
			buildSettings = {
				ARCHS = arm64;
				ASSETCATALOG_COMPILER_APPICON_NAME = AppIcon;
				CODE_SIGN_ENTITLEMENTS = GreyEminence/GreyEminence.entitlements;
				CODE_SIGN_STYLE = Automatic;
				COMBINE_HIDPI_IMAGES = YES;
				CURRENT_PROJECT_VERSION = 20260417000000;
				INFOPLIST_FILE = GreyEminence/Info.plist;
				LD_RUNPATH_SEARCH_PATHS = (
					"$(inherited)",
					"@executable_path/../Frameworks",
				);
				MARKETING_VERSION = 0.9.17;
				PRODUCT_BUNDLE_IDENTIFIER = com.greyeminence.app;
				PRODUCT_NAME = "Grey Eminence";
				SDKROOT = macosx;
				SWIFT_STRICT_CONCURRENCY = complete;
			};
			name = Debug;
		};
		7CAC006B0C7063CEFC5CC041 /* Release */ = {
			isa = XCBuildConfiguration;
			buildSettings = {
				ARCHS = arm64;
				ASSETCATALOG_COMPILER_APPICON_NAME = AppIcon;
				CODE_SIGN_ENTITLEMENTS = GreyEminence/GreyEminence.entitlements;
				CODE_SIGN_STYLE = Automatic;
				COMBINE_HIDPI_IMAGES = YES;
				CURRENT_PROJECT_VERSION = 20260417000000;
				INFOPLIST_FILE = GreyEminence/Info.plist;
				LD_RUNPATH_SEARCH_PATHS = (
					"$(inherited)",
					"@executable_path/../Frameworks",
				);
				MARKETING_VERSION = 0.9.17;
				PRODUCT_BUNDLE_IDENTIFIER = com.greyeminence.app;
				PRODUCT_NAME = "Grey Eminence";
				SDKROOT = macosx;
				SWIFT_STRICT_CONCURRENCY = complete;
			};
			name = Release;
		};
		88B02F1E345EAC2C23085FD8 /* Release */ = {
			isa = XCBuildConfiguration;
			buildSettings = {
				BUNDLE_LOADER = "$(TEST_HOST)";
				COMBINE_HIDPI_IMAGES = YES;
				GENERATE_INFOPLIST_FILE = YES;
				LD_RUNPATH_SEARCH_PATHS = (
					"$(inherited)",
					"@executable_path/../Frameworks",
					"@loader_path/../Frameworks",
				);
				MACOSX_DEPLOYMENT_TARGET = 14.2;
				PRODUCT_BUNDLE_IDENTIFIER = com.greyeminence.app.tests;
				SDKROOT = macosx;
				SWIFT_STRICT_CONCURRENCY = complete;
				TEST_HOST = "$(BUILT_PRODUCTS_DIR)/Grey Eminence.app/Contents/MacOS/Grey Eminence";
			};
			name = Release;
		};
		B70EE90DA9556321195A23DD /* Release */ = {
			isa = XCBuildConfiguration;
			buildSettings = {
				ALWAYS_SEARCH_USER_PATHS = NO;
				CLANG_ANALYZER_NONNULL = YES;
				CLANG_ANALYZER_NUMBER_OBJECT_CONVERSION = YES_AGGRESSIVE;
				CLANG_CXX_LANGUAGE_STANDARD = "gnu++14";
				CLANG_CXX_LIBRARY = "libc++";
				CLANG_ENABLE_MODULES = YES;
				CLANG_ENABLE_OBJC_ARC = YES;
				CLANG_ENABLE_OBJC_WEAK = YES;
				CLANG_WARN_BLOCK_CAPTURE_AUTORELEASING = YES;
				CLANG_WARN_BOOL_CONVERSION = YES;
				CLANG_WARN_COMMA = YES;
				CLANG_WARN_CONSTANT_CONVERSION = YES;
				CLANG_WARN_DEPRECATED_OBJC_IMPLEMENTATIONS = YES;
				CLANG_WARN_DIRECT_OBJC_ISA_USAGE = YES_ERROR;
				CLANG_WARN_DOCUMENTATION_COMMENTS = YES;
				CLANG_WARN_EMPTY_BODY = YES;
				CLANG_WARN_ENUM_CONVERSION = YES;
				CLANG_WARN_INFINITE_RECURSION = YES;
				CLANG_WARN_INT_CONVERSION = YES;
				CLANG_WARN_NON_LITERAL_NULL_CONVERSION = YES;
				CLANG_WARN_OBJC_IMPLICIT_RETAIN_SELF = YES;
				CLANG_WARN_OBJC_LITERAL_CONVERSION = YES;
				CLANG_WARN_OBJC_ROOT_CLASS = YES_ERROR;
				CLANG_WARN_QUOTED_INCLUDE_IN_FRAMEWORK_HEADER = YES;
				CLANG_WARN_RANGE_LOOP_ANALYSIS = YES;
				CLANG_WARN_STRICT_PROTOTYPES = YES;
				CLANG_WARN_SUSPICIOUS_MOVE = YES;
				CLANG_WARN_UNGUARDED_AVAILABILITY = YES_AGGRESSIVE;
				CLANG_WARN_UNREACHABLE_CODE = YES;
				CLANG_WARN__DUPLICATE_METHOD_MATCH = YES;
				COPY_PHASE_STRIP = NO;
				DEBUG_INFORMATION_FORMAT = "dwarf-with-dsym";
				ENABLE_NS_ASSERTIONS = NO;
				ENABLE_STRICT_OBJC_MSGSEND = YES;
				ENABLE_USER_SCRIPT_SANDBOXING = NO;
				GCC_C_LANGUAGE_STANDARD = gnu11;
				GCC_NO_COMMON_BLOCKS = YES;
				GCC_WARN_64_TO_32_BIT_CONVERSION = YES;
				GCC_WARN_ABOUT_RETURN_TYPE = YES_ERROR;
				GCC_WARN_UNDECLARED_SELECTOR = YES;
				GCC_WARN_UNINITIALIZED_AUTOS = YES_AGGRESSIVE;
				GCC_WARN_UNUSED_FUNCTION = YES;
				GCC_WARN_UNUSED_VARIABLE = YES;
				MACOSX_DEPLOYMENT_TARGET = 14.2;
				MTL_ENABLE_DEBUG_INFO = NO;
				MTL_FAST_MATH = YES;
				PRODUCT_NAME = "$(TARGET_NAME)";
				SDKROOT = macosx;
				SWIFT_COMPILATION_MODE = wholemodule;
				SWIFT_OPTIMIZATION_LEVEL = "-O";
				SWIFT_STRICT_CONCURRENCY = complete;
				SWIFT_VERSION = 6.0;
			};
			name = Release;
		};
		E04B5D35CCD23714E62CB760 /* Debug */ = {
			isa = XCBuildConfiguration;
			buildSettings = {
				BUNDLE_LOADER = "$(TEST_HOST)";
				COMBINE_HIDPI_IMAGES = YES;
				GENERATE_INFOPLIST_FILE = YES;
				LD_RUNPATH_SEARCH_PATHS = (
					"$(inherited)",
					"@executable_path/../Frameworks",
					"@loader_path/../Frameworks",
				);
				MACOSX_DEPLOYMENT_TARGET = 14.2;
				PRODUCT_BUNDLE_IDENTIFIER = com.greyeminence.app.tests;
				SDKROOT = macosx;
				SWIFT_STRICT_CONCURRENCY = complete;
				TEST_HOST = "$(BUILT_PRODUCTS_DIR)/Grey Eminence.app/Contents/MacOS/Grey Eminence";
			};
			name = Debug;
		};
/* End XCBuildConfiguration section */

/* Begin XCConfigurationList section */
		577FF4AACA24B39A67F719A4 /* Build configuration list for PBXNativeTarget "GreyEminenceTests" */ = {
			isa = XCConfigurationList;
			buildConfigurations = (
				E04B5D35CCD23714E62CB760 /* Debug */,
				88B02F1E345EAC2C23085FD8 /* Release */,
			);
			defaultConfigurationIsVisible = 0;
			defaultConfigurationName = Debug;
		};
		63165B542180671B5D35F010 /* Build configuration list for PBXNativeTarget "GreyEminence" */ = {
			isa = XCConfigurationList;
			buildConfigurations = (
				4D042E33E77A74A5BC14C429 /* Debug */,
				7CAC006B0C7063CEFC5CC041 /* Release */,
			);
			defaultConfigurationIsVisible = 0;
			defaultConfigurationName = Debug;
		};
		B6A4E2BCAF20ADC67C1C44CD /* Build configuration list for PBXProject "GreyEminence" */ = {
			isa = XCConfigurationList;
			buildConfigurations = (
				1D327106EF2E1BF9795AEA5E /* Debug */,
				B70EE90DA9556321195A23DD /* Release */,
			);
			defaultConfigurationIsVisible = 0;
			defaultConfigurationName = Debug;
		};
/* End XCConfigurationList section */

/* Begin XCLocalSwiftPackageReference section */
		91DE630A608607CE0F5D4A40 /* XCLocalSwiftPackageReference "LocalPackages/FluidAudio" */ = {
			isa = XCLocalSwiftPackageReference;
			relativePath = LocalPackages/FluidAudio;
		};
/* End XCLocalSwiftPackageReference section */

/* Begin XCRemoteSwiftPackageReference section */
		4AD7498102CB31237F9A261B /* XCRemoteSwiftPackageReference "WhisperKit" */ = {
			isa = XCRemoteSwiftPackageReference;
			repositoryURL = "https://github.com/argmaxinc/WhisperKit";
			requirement = {
				kind = upToNextMajorVersion;
				minimumVersion = 0.9.0;
			};
		};
		5389355E913BC6F7F2610057 /* XCRemoteSwiftPackageReference "Sparkle" */ = {
			isa = XCRemoteSwiftPackageReference;
			repositoryURL = "https://github.com/sparkle-project/Sparkle";
			requirement = {
				kind = upToNextMajorVersion;
				minimumVersion = 2.6.0;
			};
		};
		D6F1A7CCAA48EE7E20DE75AB /* XCRemoteSwiftPackageReference "KeychainAccess" */ = {
			isa = XCRemoteSwiftPackageReference;
			repositoryURL = "https://github.com/kishikawakatsumi/KeychainAccess";
			requirement = {
				kind = upToNextMajorVersion;
				minimumVersion = 4.2.2;
			};
		};
/* End XCRemoteSwiftPackageReference section */

/* Begin XCSwiftPackageProductDependency section */
		2E69A29410C62BC3E40B55D6 /* WhisperKit */ = {
			isa = XCSwiftPackageProductDependency;
			package = 4AD7498102CB31237F9A261B /* XCRemoteSwiftPackageReference "WhisperKit" */;
			productName = WhisperKit;
		};
		343CDDEE0B27FAA559721E19 /* Sparkle */ = {
			isa = XCSwiftPackageProductDependency;
			package = 5389355E913BC6F7F2610057 /* XCRemoteSwiftPackageReference "Sparkle" */;
			productName = Sparkle;
		};
		771A5419E207FBBDED603E7C /* KeychainAccess */ = {
			isa = XCSwiftPackageProductDependency;
			package = D6F1A7CCAA48EE7E20DE75AB /* XCRemoteSwiftPackageReference "KeychainAccess" */;
			productName = KeychainAccess;
		};
		E73B3D65573E84BFDA22E0FA /* FluidAudio */ = {
			isa = XCSwiftPackageProductDependency;
			productName = FluidAudio;
		};
/* End XCSwiftPackageProductDependency section */
	};
	rootObject = C27CB611C59223E78E3FD310 /* Project object */;
}
